// !$*UTF8*$!
{
	archiveVersion = 1;
	classes = {
	};
	objectVersion = 54;
	objects = {

/* Begin PBXBuildFile section */
		FA1E7E452A3BB34E007DC95D /* HKWorkoutActivityType+String.swift in Sources */ = {isa = PBXBuildFile; fileRef = FA1E7E442A3BB34E007DC95D /* HKWorkoutActivityType+String.swift */; };
		FA1E7E472A3BB688007DC95D /* HealthStore.swift in Sources */ = {isa = PBXBuildFile; fileRef = FA1E7E462A3BB688007DC95D /* HealthStore.swift */; };
		FA1E7E492A3BB6A6007DC95D /* WorkoutObserver.swift in Sources */ = {isa = PBXBuildFile; fileRef = FA1E7E482A3BB6A6007DC95D /* WorkoutObserver.swift */; };
		FA1E7E4B2A3BBDDD007DC95D /* WorkoutList.swift in Sources */ = {isa = PBXBuildFile; fileRef = FA1E7E4A2A3BBDDD007DC95D /* WorkoutList.swift */; };
		FA1E7E4D2A3BC72E007DC95D /* RangeReplaceableCollection+Merge.swift in Sources */ = {isa = PBXBuildFile; fileRef = FA1E7E4C2A3BC72E007DC95D /* RangeReplaceableCollection+Merge.swift */; };
		FA1E7E512A3D5AFB007DC95D /* ScalarSeries.swift in Sources */ = {isa = PBXBuildFile; fileRef = FA1E7E502A3D5AFB007DC95D /* ScalarSeries.swift */; };
		FA1E7E532A3D8826007DC95D /* CoordinateSeries.swift in Sources */ = {isa = PBXBuildFile; fileRef = FA1E7E522A3D8826007DC95D /* CoordinateSeries.swift */; };
		FA1E7E552A3E5316007DC95D /* WorkoutAnalysis.swift in Sources */ = {isa = PBXBuildFile; fileRef = FA1E7E542A3E5316007DC95D /* WorkoutAnalysis.swift */; };
		FA5D55362A3AB7C600135067 /* WorkoutSpotApp.swift in Sources */ = {isa = PBXBuildFile; fileRef = FA5D55352A3AB7C600135067 /* WorkoutSpotApp.swift */; };
		FA5D553A2A3AB7C700135067 /* Assets.xcassets in Resources */ = {isa = PBXBuildFile; fileRef = FA5D55392A3AB7C700135067 /* Assets.xcassets */; };
		FA8614C62CA8AE55002877D7 /* WorkoutGraphPreview.swift in Sources */ = {isa = PBXBuildFile; fileRef = FA8614C52CA8AE55002877D7 /* WorkoutGraphPreview.swift */; };
		FA8614C82CA9D383002877D7 /* WorkoutExtremaStatsView.swift in Sources */ = {isa = PBXBuildFile; fileRef = FA8614C72CA9D383002877D7 /* WorkoutExtremaStatsView.swift */; };
		FA8614CB2CA9E06A002877D7 /* UnitPreferences.swift in Sources */ = {isa = PBXBuildFile; fileRef = FA8614CA2CA9E06A002877D7 /* UnitPreferences.swift */; };
		FA8614CD2CA9E258002877D7 /* UserDefaults+Typed.swift in Sources */ = {isa = PBXBuildFile; fileRef = FA8614CC2CA9E258002877D7 /* UserDefaults+Typed.swift */; };
		FAA98F792A438D4800E369AA /* WorkoutMap.swift in Sources */ = {isa = PBXBuildFile; fileRef = FAA98F782A438D4800E369AA /* WorkoutMap.swift */; };
		FACFF2442A488A8300340E22 /* GraphDrawView.swift in Sources */ = {isa = PBXBuildFile; fileRef = FACFF2432A488A8300340E22 /* GraphDrawView.swift */; };
		FACFF2472A48E2A200340E22 /* GraphGuide.swift in Sources */ = {isa = PBXBuildFile; fileRef = FACFF2462A48E2A200340E22 /* GraphGuide.swift */; };
		FACFF2492A4A149D00340E22 /* UIView+Constraints.swift in Sources */ = {isa = PBXBuildFile; fileRef = FACFF2482A4A149D00340E22 /* UIView+Constraints.swift */; };
		FACFF24B2A4A170F00340E22 /* WorkoutGraphView.swift in Sources */ = {isa = PBXBuildFile; fileRef = FACFF24A2A4A170F00340E22 /* WorkoutGraphView.swift */; };
		FACFF24D2A4AAF8600340E22 /* KeyedWorkoutView.swift in Sources */ = {isa = PBXBuildFile; fileRef = FACFF24C2A4AAF8600340E22 /* KeyedWorkoutView.swift */; };
		FACFF24F2A4AB2CF00340E22 /* UIColor+Semantic.swift in Sources */ = {isa = PBXBuildFile; fileRef = FACFF24E2A4AB2CF00340E22 /* UIColor+Semantic.swift */; };
		FACFF2512A4B108500340E22 /* TitleValueInlineView.swift in Sources */ = {isa = PBXBuildFile; fileRef = FACFF2502A4B108500340E22 /* TitleValueInlineView.swift */; };
		FACFF2532A4B10A000340E22 /* WorkoutPointStatsView.swift in Sources */ = {isa = PBXBuildFile; fileRef = FACFF2522A4B10A000340E22 /* WorkoutPointStatsView.swift */; };
		FACFF2552A4B10F600340E22 /* WorkoutSegmentStatsView.swift in Sources */ = {isa = PBXBuildFile; fileRef = FACFF2542A4B10F600340E22 /* WorkoutSegmentStatsView.swift */; };
		FAD39A5D2CACB4DB00E6509B /* CodingWorkingData.swift in Sources */ = {isa = PBXBuildFile; fileRef = FAD39A5C2CACB4DB00E6509B /* CodingWorkingData.swift */; };
		FAD39A692CACDAC900E6509B /* HealthStore+Writing.swift in Sources */ = {isa = PBXBuildFile; fileRef = FAD39A682CACDAC900E6509B /* HealthStore+Writing.swift */; };
		FAD39A702CAF1E3200E6509B /* AP2IL.archive in Resources */ = {isa = PBXBuildFile; fileRef = FAD39A6C2CAF1E3200E6509B /* AP2IL.archive */; };
		FAD39A722CAF1E3200E6509B /* IL2AP.archive in Resources */ = {isa = PBXBuildFile; fileRef = FAD39A6D2CAF1E3200E6509B /* IL2AP.archive */; };
		FAD39AAE2CAF830100E6509B /* Assets.xcassets in Resources */ = {isa = PBXBuildFile; fileRef = FAD39AAA2CAF830100E6509B /* Assets.xcassets */; };
		FAD39AAF2CAF830100E6509B /* ContentView.swift in Sources */ = {isa = PBXBuildFile; fileRef = FAD39AAB2CAF830100E6509B /* ContentView.swift */; };
		FAD39AB02CAF830100E6509B /* WSIconApp.swift in Sources */ = {isa = PBXBuildFile; fileRef = FAD39AAC2CAF830100E6509B /* WSIconApp.swift */; };
		FAD39AB32CAF888400E6509B /* AssetsContents.swift in Sources */ = {isa = PBXBuildFile; fileRef = FAD39AB22CAF888400E6509B /* AssetsContents.swift */; };
		FADC3F572CB323EB00560392 /* GatherScreenshots.swift in Sources */ = {isa = PBXBuildFile; fileRef = FADC3F542CB323EB00560392 /* GatherScreenshots.swift */; };
		FAF05E6D2CAA034A00BB212D /* Text+Measurement.swift in Sources */ = {isa = PBXBuildFile; fileRef = FAF05E6C2CAA034A00BB212D /* Text+Measurement.swift */; };
/* End PBXBuildFile section */

/* Begin PBXContainerItemProxy section */
		FADC3F4F2CB323E500560392 /* PBXContainerItemProxy */ = {
			isa = PBXContainerItemProxy;
			containerPortal = FA5D552A2A3AB7C600135067 /* Project object */;
			proxyType = 1;
			remoteGlobalIDString = FA5D55312A3AB7C600135067;
			remoteInfo = WorkoutSpot;
		};
/* End PBXContainerItemProxy section */

/* Begin PBXFileReference section */
		FA1E7E442A3BB34E007DC95D /* HKWorkoutActivityType+String.swift */ = {isa = PBXFileReference; lastKnownFileType = sourcecode.swift; path = "HKWorkoutActivityType+String.swift"; sourceTree = "<group>"; };
		FA1E7E462A3BB688007DC95D /* HealthStore.swift */ = {isa = PBXFileReference; lastKnownFileType = sourcecode.swift; path = HealthStore.swift; sourceTree = "<group>"; };
		FA1E7E482A3BB6A6007DC95D /* WorkoutObserver.swift */ = {isa = PBXFileReference; lastKnownFileType = sourcecode.swift; path = WorkoutObserver.swift; sourceTree = "<group>"; };
		FA1E7E4A2A3BBDDD007DC95D /* WorkoutList.swift */ = {isa = PBXFileReference; lastKnownFileType = sourcecode.swift; path = WorkoutList.swift; sourceTree = "<group>"; };
		FA1E7E4C2A3BC72E007DC95D /* RangeReplaceableCollection+Merge.swift */ = {isa = PBXFileReference; lastKnownFileType = sourcecode.swift; path = "RangeReplaceableCollection+Merge.swift"; sourceTree = "<group>"; };
		FA1E7E502A3D5AFB007DC95D /* ScalarSeries.swift */ = {isa = PBXFileReference; lastKnownFileType = sourcecode.swift; path = ScalarSeries.swift; sourceTree = "<group>"; };
		FA1E7E522A3D8826007DC95D /* CoordinateSeries.swift */ = {isa = PBXFileReference; lastKnownFileType = sourcecode.swift; path = CoordinateSeries.swift; sourceTree = "<group>"; };
		FA1E7E542A3E5316007DC95D /* WorkoutAnalysis.swift */ = {isa = PBXFileReference; lastKnownFileType = sourcecode.swift; path = WorkoutAnalysis.swift; sourceTree = "<group>"; };
		FA5D55322A3AB7C600135067 /* WorkoutSpot.app */ = {isa = PBXFileReference; explicitFileType = wrapper.application; includeInIndex = 0; path = WorkoutSpot.app; sourceTree = BUILT_PRODUCTS_DIR; };
		FA5D55352A3AB7C600135067 /* WorkoutSpotApp.swift */ = {isa = PBXFileReference; lastKnownFileType = sourcecode.swift; path = WorkoutSpotApp.swift; sourceTree = "<group>"; };
		FA5D55392A3AB7C700135067 /* Assets.xcassets */ = {isa = PBXFileReference; lastKnownFileType = folder.assetcatalog; path = Assets.xcassets; sourceTree = "<group>"; };
		FA5D55432A3AB8CF00135067 /* WorkoutSpot.entitlements */ = {isa = PBXFileReference; lastKnownFileType = text.plist.entitlements; path = WorkoutSpot.entitlements; sourceTree = "<group>"; };
		FA8614C52CA8AE55002877D7 /* WorkoutGraphPreview.swift */ = {isa = PBXFileReference; lastKnownFileType = sourcecode.swift; path = WorkoutGraphPreview.swift; sourceTree = "<group>"; };
		FA8614C72CA9D383002877D7 /* WorkoutExtremaStatsView.swift */ = {isa = PBXFileReference; lastKnownFileType = sourcecode.swift; path = WorkoutExtremaStatsView.swift; sourceTree = "<group>"; };
		FA8614CA2CA9E06A002877D7 /* UnitPreferences.swift */ = {isa = PBXFileReference; lastKnownFileType = sourcecode.swift; path = UnitPreferences.swift; sourceTree = "<group>"; };
		FA8614CC2CA9E258002877D7 /* UserDefaults+Typed.swift */ = {isa = PBXFileReference; lastKnownFileType = sourcecode.swift; path = "UserDefaults+Typed.swift"; sourceTree = "<group>"; };
		FAA98F782A438D4800E369AA /* WorkoutMap.swift */ = {isa = PBXFileReference; lastKnownFileType = sourcecode.swift; path = WorkoutMap.swift; sourceTree = "<group>"; };
		FACFF2432A488A8300340E22 /* GraphDrawView.swift */ = {isa = PBXFileReference; lastKnownFileType = sourcecode.swift; path = GraphDrawView.swift; sourceTree = "<group>"; };
		FACFF2462A48E2A200340E22 /* GraphGuide.swift */ = {isa = PBXFileReference; lastKnownFileType = sourcecode.swift; path = GraphGuide.swift; sourceTree = "<group>"; };
		FACFF2482A4A149D00340E22 /* UIView+Constraints.swift */ = {isa = PBXFileReference; lastKnownFileType = sourcecode.swift; path = "UIView+Constraints.swift"; sourceTree = "<group>"; };
		FACFF24A2A4A170F00340E22 /* WorkoutGraphView.swift */ = {isa = PBXFileReference; lastKnownFileType = sourcecode.swift; path = WorkoutGraphView.swift; sourceTree = "<group>"; };
		FACFF24C2A4AAF8600340E22 /* KeyedWorkoutView.swift */ = {isa = PBXFileReference; lastKnownFileType = sourcecode.swift; path = KeyedWorkoutView.swift; sourceTree = "<group>"; };
		FACFF24E2A4AB2CF00340E22 /* UIColor+Semantic.swift */ = {isa = PBXFileReference; lastKnownFileType = sourcecode.swift; path = "UIColor+Semantic.swift"; sourceTree = "<group>"; };
		FACFF2502A4B108500340E22 /* TitleValueInlineView.swift */ = {isa = PBXFileReference; lastKnownFileType = sourcecode.swift; path = TitleValueInlineView.swift; sourceTree = "<group>"; };
		FACFF2522A4B10A000340E22 /* WorkoutPointStatsView.swift */ = {isa = PBXFileReference; lastKnownFileType = sourcecode.swift; path = WorkoutPointStatsView.swift; sourceTree = "<group>"; };
		FACFF2542A4B10F600340E22 /* WorkoutSegmentStatsView.swift */ = {isa = PBXFileReference; lastKnownFileType = sourcecode.swift; path = WorkoutSegmentStatsView.swift; sourceTree = "<group>"; };
		FAD39A5C2CACB4DB00E6509B /* CodingWorkingData.swift */ = {isa = PBXFileReference; lastKnownFileType = sourcecode.swift; path = CodingWorkingData.swift; sourceTree = "<group>"; };
		FAD39A682CACDAC900E6509B /* HealthStore+Writing.swift */ = {isa = PBXFileReference; lastKnownFileType = sourcecode.swift; path = "HealthStore+Writing.swift"; sourceTree = "<group>"; };
		FAD39A6C2CAF1E3200E6509B /* AP2IL.archive */ = {isa = PBXFileReference; lastKnownFileType = file.bplist; path = AP2IL.archive; sourceTree = "<group>"; };
		FAD39A6D2CAF1E3200E6509B /* IL2AP.archive */ = {isa = PBXFileReference; lastKnownFileType = file.bplist; path = IL2AP.archive; sourceTree = "<group>"; };
		FAD39A9C2CAF82EB00E6509B /* WSIcon.app */ = {isa = PBXFileReference; explicitFileType = wrapper.application; includeInIndex = 0; path = WSIcon.app; sourceTree = BUILT_PRODUCTS_DIR; };
		FAD39AAA2CAF830100E6509B /* Assets.xcassets */ = {isa = PBXFileReference; lastKnownFileType = folder.assetcatalog; path = Assets.xcassets; sourceTree = "<group>"; };
		FAD39AAB2CAF830100E6509B /* ContentView.swift */ = {isa = PBXFileReference; lastKnownFileType = sourcecode.swift; path = ContentView.swift; sourceTree = "<group>"; };
		FAD39AAC2CAF830100E6509B /* WSIconApp.swift */ = {isa = PBXFileReference; lastKnownFileType = sourcecode.swift; path = WSIconApp.swift; sourceTree = "<group>"; };
		FAD39AB12CAF838000E6509B /* WSIcon.entitlements */ = {isa = PBXFileReference; lastKnownFileType = text.plist.entitlements; path = WSIcon.entitlements; sourceTree = "<group>"; };
		FAD39AB22CAF888400E6509B /* AssetsContents.swift */ = {isa = PBXFileReference; lastKnownFileType = sourcecode.swift; path = AssetsContents.swift; sourceTree = "<group>"; };
		FADC3F492CB323E500560392 /* WorkoutSpotUITests.xctest */ = {isa = PBXFileReference; explicitFileType = wrapper.cfbundle; includeInIndex = 0; path = WorkoutSpotUITests.xctest; sourceTree = BUILT_PRODUCTS_DIR; };
		FADC3F542CB323EB00560392 /* GatherScreenshots.swift */ = {isa = PBXFileReference; lastKnownFileType = sourcecode.swift; path = GatherScreenshots.swift; sourceTree = "<group>"; };
		FAF05E6C2CAA034A00BB212D /* Text+Measurement.swift */ = {isa = PBXFileReference; lastKnownFileType = sourcecode.swift; path = "Text+Measurement.swift"; sourceTree = "<group>"; };
/* End PBXFileReference section */

/* Begin PBXFrameworksBuildPhase section */
		FA5D552F2A3AB7C600135067 /* Frameworks */ = {
			isa = PBXFrameworksBuildPhase;
			buildActionMask = 2147483647;
			files = (
			);
			runOnlyForDeploymentPostprocessing = 0;
		};
		FAD39A992CAF82EB00E6509B /* Frameworks */ = {
			isa = PBXFrameworksBuildPhase;
			buildActionMask = 2147483647;
			files = (
			);
			runOnlyForDeploymentPostprocessing = 0;
		};
		FADC3F462CB323E500560392 /* Frameworks */ = {
			isa = PBXFrameworksBuildPhase;
			buildActionMask = 2147483647;
			files = (
			);
			runOnlyForDeploymentPostprocessing = 0;
		};
/* End PBXFrameworksBuildPhase section */

/* Begin PBXGroup section */
		FA5D55292A3AB7C600135067 = {
			isa = PBXGroup;
			children = (
				FA5D55342A3AB7C600135067 /* WorkoutSpot */,
				FAD39AAD2CAF830100E6509B /* WSIcon */,
				FADC3F562CB323EB00560392 /* WorkoutSpotUITests */,
				FA5D55332A3AB7C600135067 /* Products */,
			);
			sourceTree = "<group>";
		};
		FA5D55332A3AB7C600135067 /* Products */ = {
			isa = PBXGroup;
			children = (
				FA5D55322A3AB7C600135067 /* WorkoutSpot.app */,
				FAD39A9C2CAF82EB00E6509B /* WSIcon.app */,
				FADC3F492CB323E500560392 /* WorkoutSpotUITests.xctest */,
			);
			name = Products;
			sourceTree = "<group>";
		};
		FA5D55342A3AB7C600135067 /* WorkoutSpot */ = {
			isa = PBXGroup;
			children = (
				FA5D55352A3AB7C600135067 /* WorkoutSpotApp.swift */,
				FA1E7E4A2A3BBDDD007DC95D /* WorkoutList.swift */,
				FACFF24C2A4AAF8600340E22 /* KeyedWorkoutView.swift */,
				FACFF2502A4B108500340E22 /* TitleValueInlineView.swift */,
				FAA98F782A438D4800E369AA /* WorkoutMap.swift */,
				FA8614C92CA9DA3E002877D7 /* StatsViews */,
				FACFF2452A48E29500340E22 /* Graph */,
				FA1E7E462A3BB688007DC95D /* HealthStore.swift */,
				FAD39A5C2CACB4DB00E6509B /* CodingWorkingData.swift */,
				FAD39A682CACDAC900E6509B /* HealthStore+Writing.swift */,
				FA8614CA2CA9E06A002877D7 /* UnitPreferences.swift */,
				FA8614CC2CA9E258002877D7 /* UserDefaults+Typed.swift */,
				FAF05E6E2CABB48C00BB212D /* Processing */,
				FA1E7E482A3BB6A6007DC95D /* WorkoutObserver.swift */,
				FA1E7E442A3BB34E007DC95D /* HKWorkoutActivityType+String.swift */,
				FA1E7E4C2A3BC72E007DC95D /* RangeReplaceableCollection+Merge.swift */,
				FACFF2482A4A149D00340E22 /* UIView+Constraints.swift */,
				FACFF24E2A4AB2CF00340E22 /* UIColor+Semantic.swift */,
				FAD39A6E2CAF1E3200E6509B /* Resources */,
				FA5D55432A3AB8CF00135067 /* WorkoutSpot.entitlements */,
				FA5D55392A3AB7C700135067 /* Assets.xcassets */,
			);
			path = WorkoutSpot;
			sourceTree = "<group>";
		};
		FA8614C92CA9DA3E002877D7 /* StatsViews */ = {
			isa = PBXGroup;
			children = (
				FAF05E6C2CAA034A00BB212D /* Text+Measurement.swift */,
				FACFF2522A4B10A000340E22 /* WorkoutPointStatsView.swift */,
				FA8614C72CA9D383002877D7 /* WorkoutExtremaStatsView.swift */,
				FACFF2542A4B10F600340E22 /* WorkoutSegmentStatsView.swift */,
			);
			path = StatsViews;
			sourceTree = "<group>";
		};
		FACFF2452A48E29500340E22 /* Graph */ = {
			isa = PBXGroup;
			children = (
				FACFF2462A48E2A200340E22 /* GraphGuide.swift */,
				FACFF24A2A4A170F00340E22 /* WorkoutGraphView.swift */,
				FACFF2432A488A8300340E22 /* GraphDrawView.swift */,
				FA8614C52CA8AE55002877D7 /* WorkoutGraphPreview.swift */,
			);
			path = Graph;
			sourceTree = "<group>";
		};
		FAD39A6E2CAF1E3200E6509B /* Resources */ = {
			isa = PBXGroup;
			children = (
				FAD39A6C2CAF1E3200E6509B /* AP2IL.archive */,
				FAD39A6D2CAF1E3200E6509B /* IL2AP.archive */,
			);
			path = Resources;
			sourceTree = "<group>";
		};
		FAD39AAD2CAF830100E6509B /* WSIcon */ = {
			isa = PBXGroup;
			children = (
				FAD39AAC2CAF830100E6509B /* WSIconApp.swift */,
				FAD39AAB2CAF830100E6509B /* ContentView.swift */,
				FAD39AB22CAF888400E6509B /* AssetsContents.swift */,
				FAD39AB12CAF838000E6509B /* WSIcon.entitlements */,
				FAD39AAA2CAF830100E6509B /* Assets.xcassets */,
			);
			path = WSIcon;
			sourceTree = "<group>";
		};
		FADC3F562CB323EB00560392 /* WorkoutSpotUITests */ = {
			isa = PBXGroup;
			children = (
				FADC3F542CB323EB00560392 /* GatherScreenshots.swift */,
			);
			path = WorkoutSpotUITests;
			sourceTree = "<group>";
		};
		FAF05E6E2CABB48C00BB212D /* Processing */ = {
			isa = PBXGroup;
			children = (
				FA1E7E542A3E5316007DC95D /* WorkoutAnalysis.swift */,
				FA1E7E502A3D5AFB007DC95D /* ScalarSeries.swift */,
				FA1E7E522A3D8826007DC95D /* CoordinateSeries.swift */,
			);
			path = Processing;
			sourceTree = "<group>";
		};
/* End PBXGroup section */

/* Begin PBXNativeTarget section */
		FA5D55312A3AB7C600135067 /* WorkoutSpot */ = {
			isa = PBXNativeTarget;
			buildConfigurationList = FA5D55402A3AB7C700135067 /* Build configuration list for PBXNativeTarget "WorkoutSpot" */;
			buildPhases = (
				FA5D552E2A3AB7C600135067 /* Sources */,
				FA5D552F2A3AB7C600135067 /* Frameworks */,
				FA5D55302A3AB7C600135067 /* Resources */,
			);
			buildRules = (
			);
			dependencies = (
			);
			name = WorkoutSpot;
			productName = WorkoutSpot;
			productReference = FA5D55322A3AB7C600135067 /* WorkoutSpot.app */;
			productType = "com.apple.product-type.application";
		};
		FAD39A9B2CAF82EB00E6509B /* WSIcon */ = {
			isa = PBXNativeTarget;
			buildConfigurationList = FAD39AA92CAF82EB00E6509B /* Build configuration list for PBXNativeTarget "WSIcon" */;
			buildPhases = (
				FAD39A982CAF82EB00E6509B /* Sources */,
				FAD39A992CAF82EB00E6509B /* Frameworks */,
				FAD39A9A2CAF82EB00E6509B /* Resources */,
			);
			buildRules = (
			);
			dependencies = (
			);
			name = WSIcon;
			packageProductDependencies = (
			);
			productName = WSIcon;
			productReference = FAD39A9C2CAF82EB00E6509B /* WSIcon.app */;
			productType = "com.apple.product-type.application";
		};
		FADC3F482CB323E500560392 /* WorkoutSpotUITests */ = {
			isa = PBXNativeTarget;
			buildConfigurationList = FADC3F532CB323E500560392 /* Build configuration list for PBXNativeTarget "WorkoutSpotUITests" */;
			buildPhases = (
				FADC3F452CB323E500560392 /* Sources */,
				FADC3F462CB323E500560392 /* Frameworks */,
				FADC3F472CB323E500560392 /* Resources */,
			);
			buildRules = (
			);
			dependencies = (
				FADC3F502CB323E500560392 /* PBXTargetDependency */,
			);
			name = WorkoutSpotUITests;
			packageProductDependencies = (
			);
			productName = WorkoutSpotUITests;
			productReference = FADC3F492CB323E500560392 /* WorkoutSpotUITests.xctest */;
			productType = "com.apple.product-type.bundle.ui-testing";
		};
/* End PBXNativeTarget section */

/* Begin PBXProject section */
		FA5D552A2A3AB7C600135067 /* Project object */ = {
			isa = PBXProject;
			attributes = {
				BuildIndependentTargetsInParallel = 1;
				LastSwiftUpdateCheck = 1600;
				LastUpgradeCheck = 1500;
				ORGANIZATIONNAME = Leptos;
				TargetAttributes = {
					FA5D55312A3AB7C600135067 = {
						CreatedOnToolsVersion = 15.0;
					};
					FAD39A9B2CAF82EB00E6509B = {
						CreatedOnToolsVersion = 16.0;
					};
					FADC3F482CB323E500560392 = {
						CreatedOnToolsVersion = 16.0;
						TestTargetID = FA5D55312A3AB7C600135067;
					};
				};
			};
			buildConfigurationList = FA5D552D2A3AB7C600135067 /* Build configuration list for PBXProject "WorkoutSpot" */;
			compatibilityVersion = "Xcode 12.0";
			developmentRegion = en;
			hasScannedForEncodings = 0;
			knownRegions = (
				en,
				Base,
			);
			mainGroup = FA5D55292A3AB7C600135067;
			productRefGroup = FA5D55332A3AB7C600135067 /* Products */;
			projectDirPath = "";
			projectRoot = "";
			targets = (
				FA5D55312A3AB7C600135067 /* WorkoutSpot */,
				FAD39A9B2CAF82EB00E6509B /* WSIcon */,
				FADC3F482CB323E500560392 /* WorkoutSpotUITests */,
			);
		};
/* End PBXProject section */

/* Begin PBXResourcesBuildPhase section */
		FA5D55302A3AB7C600135067 /* Resources */ = {
			isa = PBXResourcesBuildPhase;
			buildActionMask = 2147483647;
			files = (
				FAD39A702CAF1E3200E6509B /* AP2IL.archive in Resources */,
				FAD39A722CAF1E3200E6509B /* IL2AP.archive in Resources */,
				FA5D553A2A3AB7C700135067 /* Assets.xcassets in Resources */,
			);
			runOnlyForDeploymentPostprocessing = 0;
		};
		FAD39A9A2CAF82EB00E6509B /* Resources */ = {
			isa = PBXResourcesBuildPhase;
			buildActionMask = 2147483647;
			files = (
				FAD39AAE2CAF830100E6509B /* Assets.xcassets in Resources */,
			);
			runOnlyForDeploymentPostprocessing = 0;
		};
		FADC3F472CB323E500560392 /* Resources */ = {
			isa = PBXResourcesBuildPhase;
			buildActionMask = 2147483647;
			files = (
			);
			runOnlyForDeploymentPostprocessing = 0;
		};
/* End PBXResourcesBuildPhase section */

/* Begin PBXSourcesBuildPhase section */
		FA5D552E2A3AB7C600135067 /* Sources */ = {
			isa = PBXSourcesBuildPhase;
			buildActionMask = 2147483647;
			files = (
				FA1E7E492A3BB6A6007DC95D /* WorkoutObserver.swift in Sources */,
				FACFF24D2A4AAF8600340E22 /* KeyedWorkoutView.swift in Sources */,
				FA1E7E4D2A3BC72E007DC95D /* RangeReplaceableCollection+Merge.swift in Sources */,
				FAD39A5D2CACB4DB00E6509B /* CodingWorkingData.swift in Sources */,
				FA5D55362A3AB7C600135067 /* WorkoutSpotApp.swift in Sources */,
				FACFF24B2A4A170F00340E22 /* WorkoutGraphView.swift in Sources */,
				FACFF2532A4B10A000340E22 /* WorkoutPointStatsView.swift in Sources */,
				FA8614C82CA9D383002877D7 /* WorkoutExtremaStatsView.swift in Sources */,
				FACFF2492A4A149D00340E22 /* UIView+Constraints.swift in Sources */,
				FA8614CB2CA9E06A002877D7 /* UnitPreferences.swift in Sources */,
				FA1E7E4B2A3BBDDD007DC95D /* WorkoutList.swift in Sources */,
				FACFF2512A4B108500340E22 /* TitleValueInlineView.swift in Sources */,
				FAA98F792A438D4800E369AA /* WorkoutMap.swift in Sources */,
				FA1E7E532A3D8826007DC95D /* CoordinateSeries.swift in Sources */,
				FA8614CD2CA9E258002877D7 /* UserDefaults+Typed.swift in Sources */,
				FAF05E6D2CAA034A00BB212D /* Text+Measurement.swift in Sources */,
				FA8614C62CA8AE55002877D7 /* WorkoutGraphPreview.swift in Sources */,
				FA1E7E452A3BB34E007DC95D /* HKWorkoutActivityType+String.swift in Sources */,
				FACFF2552A4B10F600340E22 /* WorkoutSegmentStatsView.swift in Sources */,
				FACFF2472A48E2A200340E22 /* GraphGuide.swift in Sources */,
				FAD39A692CACDAC900E6509B /* HealthStore+Writing.swift in Sources */,
				FA1E7E472A3BB688007DC95D /* HealthStore.swift in Sources */,
				FA1E7E552A3E5316007DC95D /* WorkoutAnalysis.swift in Sources */,
				FACFF24F2A4AB2CF00340E22 /* UIColor+Semantic.swift in Sources */,
				FA1E7E512A3D5AFB007DC95D /* ScalarSeries.swift in Sources */,
				FACFF2442A488A8300340E22 /* GraphDrawView.swift in Sources */,
			);
			runOnlyForDeploymentPostprocessing = 0;
		};
		FAD39A982CAF82EB00E6509B /* Sources */ = {
			isa = PBXSourcesBuildPhase;
			buildActionMask = 2147483647;
			files = (
				FAD39AAF2CAF830100E6509B /* ContentView.swift in Sources */,
				FAD39AB02CAF830100E6509B /* WSIconApp.swift in Sources */,
				FAD39AB32CAF888400E6509B /* AssetsContents.swift in Sources */,
			);
			runOnlyForDeploymentPostprocessing = 0;
		};
		FADC3F452CB323E500560392 /* Sources */ = {
			isa = PBXSourcesBuildPhase;
			buildActionMask = 2147483647;
			files = (
				FADC3F572CB323EB00560392 /* GatherScreenshots.swift in Sources */,
			);
			runOnlyForDeploymentPostprocessing = 0;
		};
/* End PBXSourcesBuildPhase section */

/* Begin PBXTargetDependency section */
		FADC3F502CB323E500560392 /* PBXTargetDependency */ = {
			isa = PBXTargetDependency;
			target = FA5D55312A3AB7C600135067 /* WorkoutSpot */;
			targetProxy = FADC3F4F2CB323E500560392 /* PBXContainerItemProxy */;
		};
/* End PBXTargetDependency section */

/* Begin XCBuildConfiguration section */
		FA5D553E2A3AB7C700135067 /* Debug */ = {
			isa = XCBuildConfiguration;
			buildSettings = {
				ALWAYS_SEARCH_USER_PATHS = NO;
				ASSETCATALOG_COMPILER_GENERATE_SWIFT_ASSET_SYMBOL_EXTENSIONS = YES;
				CLANG_ANALYZER_NONNULL = YES;
				CLANG_ANALYZER_NUMBER_OBJECT_CONVERSION = YES_AGGRESSIVE;
				CLANG_CXX_LANGUAGE_STANDARD = "gnu++20";
				CLANG_ENABLE_MODULES = YES;
				CLANG_ENABLE_OBJC_ARC = YES;
				CLANG_ENABLE_OBJC_WEAK = YES;
				CLANG_WARN_BLOCK_CAPTURE_AUTORELEASING = YES;
				CLANG_WARN_BOOL_CONVERSION = YES;
				CLANG_WARN_COMMA = YES;
				CLANG_WARN_CONSTANT_CONVERSION = YES;
				CLANG_WARN_DEPRECATED_OBJC_IMPLEMENTATIONS = YES;
				CLANG_WARN_DIRECT_OBJC_ISA_USAGE = YES_ERROR;
				CLANG_WARN_DOCUMENTATION_COMMENTS = YES;
				CLANG_WARN_EMPTY_BODY = YES;
				CLANG_WARN_ENUM_CONVERSION = YES;
				CLANG_WARN_INFINITE_RECURSION = YES;
				CLANG_WARN_INT_CONVERSION = YES;
				CLANG_WARN_NON_LITERAL_NULL_CONVERSION = YES;
				CLANG_WARN_OBJC_IMPLICIT_RETAIN_SELF = YES;
				CLANG_WARN_OBJC_LITERAL_CONVERSION = YES;
				CLANG_WARN_OBJC_ROOT_CLASS = YES_ERROR;
				CLANG_WARN_QUOTED_INCLUDE_IN_FRAMEWORK_HEADER = YES;
				CLANG_WARN_RANGE_LOOP_ANALYSIS = YES;
				CLANG_WARN_STRICT_PROTOTYPES = YES;
				CLANG_WARN_SUSPICIOUS_MOVE = YES;
				CLANG_WARN_UNGUARDED_AVAILABILITY = YES_AGGRESSIVE;
				CLANG_WARN_UNREACHABLE_CODE = YES;
				CLANG_WARN__DUPLICATE_METHOD_MATCH = YES;
				COPY_PHASE_STRIP = NO;
				CURRENT_PROJECT_VERSION = 8;
				DEBUG_INFORMATION_FORMAT = dwarf;
				ENABLE_STRICT_OBJC_MSGSEND = YES;
				ENABLE_TESTABILITY = YES;
				ENABLE_USER_SCRIPT_SANDBOXING = YES;
				GCC_C_LANGUAGE_STANDARD = gnu17;
				GCC_DYNAMIC_NO_PIC = NO;
				GCC_NO_COMMON_BLOCKS = YES;
				GCC_OPTIMIZATION_LEVEL = 0;
				GCC_PREPROCESSOR_DEFINITIONS = (
					"DEBUG=1",
					"$(inherited)",
				);
				GCC_WARN_64_TO_32_BIT_CONVERSION = YES;
				GCC_WARN_ABOUT_RETURN_TYPE = YES_ERROR;
				GCC_WARN_UNDECLARED_SELECTOR = YES;
				GCC_WARN_UNINITIALIZED_AUTOS = YES_AGGRESSIVE;
				GCC_WARN_UNUSED_FUNCTION = YES;
				GCC_WARN_UNUSED_VARIABLE = YES;
				IPHONEOS_DEPLOYMENT_TARGET = 16.0;
				LOCALIZATION_PREFERS_STRING_CATALOGS = YES;
				MACOSX_DEPLOYMENT_TARGET = 13.0;
				MARKETING_VERSION = 2.0;
				MTL_ENABLE_DEBUG_INFO = INCLUDE_SOURCE;
				MTL_FAST_MATH = YES;
				ONLY_ACTIVE_ARCH = YES;
				SDKROOT = iphoneos;
				SWIFT_ACTIVE_COMPILATION_CONDITIONS = "DEBUG $(inherited)";
				SWIFT_OPTIMIZATION_LEVEL = "-Onone";
				TVOS_DEPLOYMENT_TARGET = 16.0;
				WATCHOS_DEPLOYMENT_TARGET = 9.0;
				XROS_DEPLOYMENT_TARGET = 1.0;
			};
			name = Debug;
		};
		FA5D553F2A3AB7C700135067 /* Release */ = {
			isa = XCBuildConfiguration;
			buildSettings = {
				ALWAYS_SEARCH_USER_PATHS = NO;
				ASSETCATALOG_COMPILER_GENERATE_SWIFT_ASSET_SYMBOL_EXTENSIONS = YES;
				CLANG_ANALYZER_NONNULL = YES;
				CLANG_ANALYZER_NUMBER_OBJECT_CONVERSION = YES_AGGRESSIVE;
				CLANG_CXX_LANGUAGE_STANDARD = "gnu++20";
				CLANG_ENABLE_MODULES = YES;
				CLANG_ENABLE_OBJC_ARC = YES;
				CLANG_ENABLE_OBJC_WEAK = YES;
				CLANG_WARN_BLOCK_CAPTURE_AUTORELEASING = YES;
				CLANG_WARN_BOOL_CONVERSION = YES;
				CLANG_WARN_COMMA = YES;
				CLANG_WARN_CONSTANT_CONVERSION = YES;
				CLANG_WARN_DEPRECATED_OBJC_IMPLEMENTATIONS = YES;
				CLANG_WARN_DIRECT_OBJC_ISA_USAGE = YES_ERROR;
				CLANG_WARN_DOCUMENTATION_COMMENTS = YES;
				CLANG_WARN_EMPTY_BODY = YES;
				CLANG_WARN_ENUM_CONVERSION = YES;
				CLANG_WARN_INFINITE_RECURSION = YES;
				CLANG_WARN_INT_CONVERSION = YES;
				CLANG_WARN_NON_LITERAL_NULL_CONVERSION = YES;
				CLANG_WARN_OBJC_IMPLICIT_RETAIN_SELF = YES;
				CLANG_WARN_OBJC_LITERAL_CONVERSION = YES;
				CLANG_WARN_OBJC_ROOT_CLASS = YES_ERROR;
				CLANG_WARN_QUOTED_INCLUDE_IN_FRAMEWORK_HEADER = YES;
				CLANG_WARN_RANGE_LOOP_ANALYSIS = YES;
				CLANG_WARN_STRICT_PROTOTYPES = YES;
				CLANG_WARN_SUSPICIOUS_MOVE = YES;
				CLANG_WARN_UNGUARDED_AVAILABILITY = YES_AGGRESSIVE;
				CLANG_WARN_UNREACHABLE_CODE = YES;
				CLANG_WARN__DUPLICATE_METHOD_MATCH = YES;
				COPY_PHASE_STRIP = NO;
				CURRENT_PROJECT_VERSION = 8;
				DEBUG_INFORMATION_FORMAT = "dwarf-with-dsym";
				ENABLE_NS_ASSERTIONS = NO;
				ENABLE_STRICT_OBJC_MSGSEND = YES;
				ENABLE_USER_SCRIPT_SANDBOXING = YES;
				GCC_C_LANGUAGE_STANDARD = gnu17;
				GCC_NO_COMMON_BLOCKS = YES;
				GCC_WARN_64_TO_32_BIT_CONVERSION = YES;
				GCC_WARN_ABOUT_RETURN_TYPE = YES_ERROR;
				GCC_WARN_UNDECLARED_SELECTOR = YES;
				GCC_WARN_UNINITIALIZED_AUTOS = YES_AGGRESSIVE;
				GCC_WARN_UNUSED_FUNCTION = YES;
				GCC_WARN_UNUSED_VARIABLE = YES;
				IPHONEOS_DEPLOYMENT_TARGET = 16.0;
				LOCALIZATION_PREFERS_STRING_CATALOGS = YES;
				MACOSX_DEPLOYMENT_TARGET = 13.0;
				MARKETING_VERSION = 2.0;
				MTL_ENABLE_DEBUG_INFO = NO;
				MTL_FAST_MATH = YES;
				SDKROOT = iphoneos;
				SWIFT_COMPILATION_MODE = wholemodule;
				TVOS_DEPLOYMENT_TARGET = 16.0;
				VALIDATE_PRODUCT = YES;
				WATCHOS_DEPLOYMENT_TARGET = 9.0;
				XROS_DEPLOYMENT_TARGET = 1.0;
			};
			name = Release;
		};
		FA5D55412A3AB7C700135067 /* Debug */ = {
			isa = XCBuildConfiguration;
			buildSettings = {
				ASSETCATALOG_COMPILER_APPICON_NAME = AppIcon;
				ASSETCATALOG_COMPILER_GLOBAL_ACCENT_COLOR_NAME = AccentColor;
				CODE_SIGN_ENTITLEMENTS = WorkoutSpot/WorkoutSpot.entitlements;
				CODE_SIGN_STYLE = Automatic;
				DEVELOPMENT_TEAM = 7P56K8K4MY;
				ENABLE_PREVIEWS = YES;
				GENERATE_INFOPLIST_FILE = YES;
				INFOPLIST_KEY_LSApplicationCategoryType = "public.app-category.healthcare-fitness";
				INFOPLIST_KEY_NSHealthShareUsageDescription = "Workout data is used to create map overlays and graphs";
				INFOPLIST_KEY_NSHealthUpdateUsageDescription = "Workout data may be added for demonstration purposes";
				INFOPLIST_KEY_UIApplicationSupportsIndirectInputEvents = YES;
				INFOPLIST_KEY_UILaunchScreen_Generation = YES;
				INFOPLIST_KEY_UIRequiredDeviceCapabilities = healthkit;
				INFOPLIST_KEY_UISupportedInterfaceOrientations_iPad = "UIInterfaceOrientationPortrait UIInterfaceOrientationPortraitUpsideDown UIInterfaceOrientationLandscapeLeft UIInterfaceOrientationLandscapeRight";
				INFOPLIST_KEY_UISupportedInterfaceOrientations_iPhone = "UIInterfaceOrientationPortrait UIInterfaceOrientationLandscapeLeft UIInterfaceOrientationLandscapeRight";
				LD_RUNPATH_SEARCH_PATHS = (
					"$(inherited)",
					"@executable_path/Frameworks",
				);
				PRODUCT_BUNDLE_IDENTIFIER = null.leptos.WorkoutSpot;
				PRODUCT_NAME = "$(TARGET_NAME)";
				SUPPORTED_PLATFORMS = "iphoneos iphonesimulator xros xrsimulator";
				SUPPORTS_MACCATALYST = NO;
				SUPPORTS_MAC_DESIGNED_FOR_IPHONE_IPAD = NO;
				SUPPORTS_XR_DESIGNED_FOR_IPHONE_IPAD = NO;
				SWIFT_EMIT_LOC_STRINGS = YES;
				SWIFT_VERSION = 5.0;
				TARGETED_DEVICE_FAMILY = "1,2,7";
			};
			name = Debug;
		};
		FA5D55422A3AB7C700135067 /* Release */ = {
			isa = XCBuildConfiguration;
			buildSettings = {
				ASSETCATALOG_COMPILER_APPICON_NAME = AppIcon;
				ASSETCATALOG_COMPILER_GLOBAL_ACCENT_COLOR_NAME = AccentColor;
				CODE_SIGN_ENTITLEMENTS = WorkoutSpot/WorkoutSpot.entitlements;
				CODE_SIGN_STYLE = Automatic;
				DEVELOPMENT_TEAM = 7P56K8K4MY;
				ENABLE_PREVIEWS = YES;
				GENERATE_INFOPLIST_FILE = YES;
				INFOPLIST_KEY_LSApplicationCategoryType = "public.app-category.healthcare-fitness";
				INFOPLIST_KEY_NSHealthShareUsageDescription = "Workout data is used to create map overlays and graphs";
				INFOPLIST_KEY_NSHealthUpdateUsageDescription = "Workout data may be added for demonstration purposes";
				INFOPLIST_KEY_UIApplicationSupportsIndirectInputEvents = YES;
				INFOPLIST_KEY_UILaunchScreen_Generation = YES;
				INFOPLIST_KEY_UIRequiredDeviceCapabilities = healthkit;
				INFOPLIST_KEY_UISupportedInterfaceOrientations_iPad = "UIInterfaceOrientationPortrait UIInterfaceOrientationPortraitUpsideDown UIInterfaceOrientationLandscapeLeft UIInterfaceOrientationLandscapeRight";
				INFOPLIST_KEY_UISupportedInterfaceOrientations_iPhone = "UIInterfaceOrientationPortrait UIInterfaceOrientationLandscapeLeft UIInterfaceOrientationLandscapeRight";
				LD_RUNPATH_SEARCH_PATHS = (
					"$(inherited)",
					"@executable_path/Frameworks",
				);
				PRODUCT_BUNDLE_IDENTIFIER = null.leptos.WorkoutSpot;
				PRODUCT_NAME = "$(TARGET_NAME)";
				SUPPORTED_PLATFORMS = "iphoneos iphonesimulator xros xrsimulator";
				SUPPORTS_MACCATALYST = NO;
				SUPPORTS_MAC_DESIGNED_FOR_IPHONE_IPAD = NO;
				SUPPORTS_XR_DESIGNED_FOR_IPHONE_IPAD = NO;
				SWIFT_EMIT_LOC_STRINGS = YES;
				SWIFT_VERSION = 5.0;
				TARGETED_DEVICE_FAMILY = "1,2,7";
			};
			name = Release;
		};
		FAD39AA72CAF82EB00E6509B /* Debug */ = {
			isa = XCBuildConfiguration;
			buildSettings = {
				ASSETCATALOG_COMPILER_APPICON_NAME = AppIcon;
				ASSETCATALOG_COMPILER_GLOBAL_ACCENT_COLOR_NAME = AccentColor;
				CODE_SIGN_ENTITLEMENTS = WSIcon/WSIcon.entitlements;
				CODE_SIGN_STYLE = Automatic;
				CURRENT_PROJECT_VERSION = 1;
				DEVELOPMENT_TEAM = 7P56K8K4MY;
				ENABLE_PREVIEWS = YES;
				GENERATE_INFOPLIST_FILE = YES;
				INFOPLIST_KEY_UIApplicationSceneManifest_Generation = YES;
				INFOPLIST_KEY_UIApplicationSupportsIndirectInputEvents = YES;
				INFOPLIST_KEY_UILaunchScreen_Generation = YES;
				INFOPLIST_KEY_UISupportedInterfaceOrientations_iPad = "UIInterfaceOrientationPortrait UIInterfaceOrientationPortraitUpsideDown UIInterfaceOrientationLandscapeLeft UIInterfaceOrientationLandscapeRight";
				INFOPLIST_KEY_UISupportedInterfaceOrientations_iPhone = "UIInterfaceOrientationPortrait UIInterfaceOrientationLandscapeLeft UIInterfaceOrientationLandscapeRight";
				IPHONEOS_DEPLOYMENT_TARGET = 16.6;
				LD_RUNPATH_SEARCH_PATHS = (
					"$(inherited)",
					"@executable_path/Frameworks",
				);
				MARKETING_VERSION = 1.0;
				PRODUCT_BUNDLE_IDENTIFIER = null.leptos.WSIcon;
				PRODUCT_NAME = "$(TARGET_NAME)";
				SUPPORTED_PLATFORMS = "iphoneos iphonesimulator";
				SUPPORTS_MACCATALYST = YES;
				SUPPORTS_MAC_DESIGNED_FOR_IPHONE_IPAD = NO;
				SUPPORTS_XR_DESIGNED_FOR_IPHONE_IPAD = NO;
				SWIFT_EMIT_LOC_STRINGS = YES;
				SWIFT_VERSION = 5.0;
				TARGETED_DEVICE_FAMILY = 6;
			};
			name = Debug;
		};
		FAD39AA82CAF82EB00E6509B /* Release */ = {
			isa = XCBuildConfiguration;
			buildSettings = {
				ASSETCATALOG_COMPILER_APPICON_NAME = AppIcon;
				ASSETCATALOG_COMPILER_GLOBAL_ACCENT_COLOR_NAME = AccentColor;
				CODE_SIGN_ENTITLEMENTS = WSIcon/WSIcon.entitlements;
				CODE_SIGN_STYLE = Automatic;
				CURRENT_PROJECT_VERSION = 1;
				DEVELOPMENT_TEAM = 7P56K8K4MY;
				ENABLE_PREVIEWS = YES;
				GENERATE_INFOPLIST_FILE = YES;
				INFOPLIST_KEY_UIApplicationSceneManifest_Generation = YES;
				INFOPLIST_KEY_UIApplicationSupportsIndirectInputEvents = YES;
				INFOPLIST_KEY_UILaunchScreen_Generation = YES;
				INFOPLIST_KEY_UISupportedInterfaceOrientations_iPad = "UIInterfaceOrientationPortrait UIInterfaceOrientationPortraitUpsideDown UIInterfaceOrientationLandscapeLeft UIInterfaceOrientationLandscapeRight";
				INFOPLIST_KEY_UISupportedInterfaceOrientations_iPhone = "UIInterfaceOrientationPortrait UIInterfaceOrientationLandscapeLeft UIInterfaceOrientationLandscapeRight";
				IPHONEOS_DEPLOYMENT_TARGET = 16.6;
				LD_RUNPATH_SEARCH_PATHS = (
					"$(inherited)",
					"@executable_path/Frameworks",
				);
				MARKETING_VERSION = 1.0;
				PRODUCT_BUNDLE_IDENTIFIER = null.leptos.WSIcon;
				PRODUCT_NAME = "$(TARGET_NAME)";
				SUPPORTED_PLATFORMS = "iphoneos iphonesimulator";
				SUPPORTS_MACCATALYST = YES;
				SUPPORTS_MAC_DESIGNED_FOR_IPHONE_IPAD = NO;
				SUPPORTS_XR_DESIGNED_FOR_IPHONE_IPAD = NO;
				SWIFT_EMIT_LOC_STRINGS = YES;
				SWIFT_VERSION = 5.0;
				TARGETED_DEVICE_FAMILY = 6;
			};
			name = Release;
		};
		FADC3F512CB323E500560392 /* Debug */ = {
			isa = XCBuildConfiguration;
			buildSettings = {
				CODE_SIGN_STYLE = Automatic;
				DEVELOPMENT_TEAM = 7P56K8K4MY;
				GENERATE_INFOPLIST_FILE = YES;
				PRODUCT_BUNDLE_IDENTIFIER = null.leptos.WorkoutSpotUITests;
				PRODUCT_NAME = "$(TARGET_NAME)";
				SUPPORTED_PLATFORMS = "iphoneos iphonesimulator xros xrsimulator";
				SUPPORTS_MACCATALYST = NO;
				SUPPORTS_MAC_DESIGNED_FOR_IPHONE_IPAD = NO;
				SUPPORTS_XR_DESIGNED_FOR_IPHONE_IPAD = NO;
				SWIFT_EMIT_LOC_STRINGS = NO;
				SWIFT_VERSION = 5.0;
				TARGETED_DEVICE_FAMILY = "1,2,7";
				TEST_TARGET_NAME = WorkoutSpot;
			};
			name = Debug;
		};
		FADC3F522CB323E500560392 /* Release */ = {
			isa = XCBuildConfiguration;
			buildSettings = {
				CODE_SIGN_STYLE = Automatic;
				DEVELOPMENT_TEAM = 7P56K8K4MY;
				GENERATE_INFOPLIST_FILE = YES;
				PRODUCT_BUNDLE_IDENTIFIER = null.leptos.WorkoutSpotUITests;
				PRODUCT_NAME = "$(TARGET_NAME)";
				SUPPORTED_PLATFORMS = "iphoneos iphonesimulator xros xrsimulator";
				SUPPORTS_MACCATALYST = NO;
				SUPPORTS_MAC_DESIGNED_FOR_IPHONE_IPAD = NO;
				SUPPORTS_XR_DESIGNED_FOR_IPHONE_IPAD = NO;
				SWIFT_EMIT_LOC_STRINGS = NO;
				SWIFT_VERSION = 5.0;
				TARGETED_DEVICE_FAMILY = "1,2,7";
				TEST_TARGET_NAME = WorkoutSpot;
			};
			name = Release;
		};
/* End XCBuildConfiguration section */

/* Begin XCConfigurationList section */
		FA5D552D2A3AB7C600135067 /* Build configuration list for PBXProject "WorkoutSpot" */ = {
			isa = XCConfigurationList;
			buildConfigurations = (
				FA5D553E2A3AB7C700135067 /* Debug */,
				FA5D553F2A3AB7C700135067 /* Release */,
			);
			defaultConfigurationIsVisible = 0;
			defaultConfigurationName = Release;
		};
		FA5D55402A3AB7C700135067 /* Build configuration list for PBXNativeTarget "WorkoutSpot" */ = {
			isa = XCConfigurationList;
			buildConfigurations = (
				FA5D55412A3AB7C700135067 /* Debug */,
				FA5D55422A3AB7C700135067 /* Release */,
			);
			defaultConfigurationIsVisible = 0;
			defaultConfigurationName = Release;
		};
		FAD39AA92CAF82EB00E6509B /* Build configuration list for PBXNativeTarget "WSIcon" */ = {
			isa = XCConfigurationList;
			buildConfigurations = (
				FAD39AA72CAF82EB00E6509B /* Debug */,
				FAD39AA82CAF82EB00E6509B /* Release */,
			);
			defaultConfigurationIsVisible = 0;
			defaultConfigurationName = Release;
		};
		FADC3F532CB323E500560392 /* Build configuration list for PBXNativeTarget "WorkoutSpotUITests" */ = {
			isa = XCConfigurationList;
			buildConfigurations = (
				FADC3F512CB323E500560392 /* Debug */,
				FADC3F522CB323E500560392 /* Release */,
			);
			defaultConfigurationIsVisible = 0;
			defaultConfigurationName = Release;
		};
/* End XCConfigurationList section */
	};
	rootObject = FA5D552A2A3AB7C600135067 /* Project object */;
}
