// !$*UTF8*$!
{
	archiveVersion = 1;
	classes = {
	};
	objectVersion = 54;
	objects = {

/* Begin PBXBuildFile section */
		FA1E7E452A3BB34E007DC95D /* HKWorkoutActivityType+String.swift in Sources */ = {isa = PBXBuildFile; fileRef = FA1E7E442A3BB34E007DC95D /* HKWorkoutActivityType+String.swift */; };
		FA1E7E472A3BB688007DC95D /* HealthStore.swift in Sources */ = {isa = PBXBuildFile; fileRef = FA1E7E462A3BB688007DC95D /* HealthStore.swift */; };
		FA1E7E492A3BB6A6007DC95D /* WorkoutObserver.swift in Sources */ = {isa = PBXBuildFile; fileRef = FA1E7E482A3BB6A6007DC95D /* WorkoutObserver.swift */; };
		FA1E7E4B2A3BBDDD007DC95D /* WorkoutList.swift in Sources */ = {isa = PBXBuildFile; fileRef = FA1E7E4A2A3BBDDD007DC95D /* WorkoutList.swift */; };
		FA1E7E4D2A3BC72E007DC95D /* RangeReplaceableCollection+Merge.swift in Sources */ = {isa = PBXBuildFile; fileRef = FA1E7E4C2A3BC72E007DC95D /* RangeReplaceableCollection+Merge.swift */; };
		FA1E7E512A3D5AFB007DC95D /* ScalarSeries.swift in Sources */ = {isa = PBXBuildFile; fileRef = FA1E7E502A3D5AFB007DC95D /* ScalarSeries.swift */; };
		FA1E7E532A3D8826007DC95D /* CoordinateSeries.swift in Sources */ = {isa = PBXBuildFile; fileRef = FA1E7E522A3D8826007DC95D /* CoordinateSeries.swift */; };
		FA1E7E552A3E5316007DC95D /* WorkoutAnalysis.swift in Sources */ = {isa = PBXBuildFile; fileRef = FA1E7E542A3E5316007DC95D /* WorkoutAnalysis.swift */; };
		FA5D55362A3AB7C600135067 /* WorkoutSpotApp.swift in Sources */ = {isa = PBXBuildFile; fileRef = FA5D55352A3AB7C600135067 /* WorkoutSpotApp.swift */; };
		FA5D553A2A3AB7C700135067 /* Assets.xcassets in Resources */ = {isa = PBXBuildFile; fileRef = FA5D55392A3AB7C700135067 /* Assets.xcassets */; };
		FA8614C62CA8AE55002877D7 /* WorkoutGraphPreview.swift in Sources */ = {isa = PBXBuildFile; fileRef = FA8614C52CA8AE55002877D7 /* WorkoutGraphPreview.swift */; };
		FA8614C82CA9D383002877D7 /* WorkoutExtremaStatsView.swift in Sources */ = {isa = PBXBuildFile; fileRef = FA8614C72CA9D383002877D7 /* WorkoutExtremaStatsView.swift */; };
		FAA98F792A438D4800E369AA /* WorkoutMap.swift in Sources */ = {isa = PBXBuildFile; fileRef = FAA98F782A438D4800E369AA /* WorkoutMap.swift */; };
		FACFF2442A488A8300340E22 /* GraphDrawView.swift in Sources */ = {isa = PBXBuildFile; fileRef = FACFF2432A488A8300340E22 /* GraphDrawView.swift */; };
		FACFF2472A48E2A200340E22 /* GraphGuide.swift in Sources */ = {isa = PBXBuildFile; fileRef = FACFF2462A48E2A200340E22 /* GraphGuide.swift */; };
		FACFF2492A4A149D00340E22 /* UIView+Constraints.swift in Sources */ = {isa = PBXBuildFile; fileRef = FACFF2482A4A149D00340E22 /* UIView+Constraints.swift */; };
		FACFF24B2A4A170F00340E22 /* WorkoutGraphView.swift in Sources */ = {isa = PBXBuildFile; fileRef = FACFF24A2A4A170F00340E22 /* WorkoutGraphView.swift */; };
		FACFF24D2A4AAF8600340E22 /* KeyedWorkoutView.swift in Sources */ = {isa = PBXBuildFile; fileRef = FACFF24C2A4AAF8600340E22 /* KeyedWorkoutView.swift */; };
		FACFF24F2A4AB2CF00340E22 /* UIColor+Semantic.swift in Sources */ = {isa = PBXBuildFile; fileRef = FACFF24E2A4AB2CF00340E22 /* UIColor+Semantic.swift */; };
		FACFF2512A4B108500340E22 /* TitleValueInlineView.swift in Sources */ = {isa = PBXBuildFile; fileRef = FACFF2502A4B108500340E22 /* TitleValueInlineView.swift */; };
		FACFF2532A4B10A000340E22 /* WorkoutPointStatsView.swift in Sources */ = {isa = PBXBuildFile; fileRef = FACFF2522A4B10A000340E22 /* WorkoutPointStatsView.swift */; };
		FACFF2552A4B10F600340E22 /* WorkoutSegmentStatsView.swift in Sources */ = {isa = PBXBuildFile; fileRef = FACFF2542A4B10F600340E22 /* WorkoutSegmentStatsView.swift */; };
/* End PBXBuildFile section */

/* Begin PBXFileReference section */
		FA1E7E442A3BB34E007DC95D /* HKWorkoutActivityType+String.swift */ = {isa = PBXFileReference; lastKnownFileType = sourcecode.swift; path = "HKWorkoutActivityType+String.swift"; sourceTree = "<group>"; };
		FA1E7E462A3BB688007DC95D /* HealthStore.swift */ = {isa = PBXFileReference; lastKnownFileType = sourcecode.swift; path = HealthStore.swift; sourceTree = "<group>"; };
		FA1E7E482A3BB6A6007DC95D /* WorkoutObserver.swift */ = {isa = PBXFileReference; lastKnownFileType = sourcecode.swift; path = WorkoutObserver.swift; sourceTree = "<group>"; };
		FA1E7E4A2A3BBDDD007DC95D /* WorkoutList.swift */ = {isa = PBXFileReference; lastKnownFileType = sourcecode.swift; path = WorkoutList.swift; sourceTree = "<group>"; };
		FA1E7E4C2A3BC72E007DC95D /* RangeReplaceableCollection+Merge.swift */ = {isa = PBXFileReference; lastKnownFileType = sourcecode.swift; path = "RangeReplaceableCollection+Merge.swift"; sourceTree = "<group>"; };
		FA1E7E502A3D5AFB007DC95D /* ScalarSeries.swift */ = {isa = PBXFileReference; lastKnownFileType = sourcecode.swift; path = ScalarSeries.swift; sourceTree = "<group>"; };
		FA1E7E522A3D8826007DC95D /* CoordinateSeries.swift */ = {isa = PBXFileReference; lastKnownFileType = sourcecode.swift; path = CoordinateSeries.swift; sourceTree = "<group>"; };
		FA1E7E542A3E5316007DC95D /* WorkoutAnalysis.swift */ = {isa = PBXFileReference; lastKnownFileType = sourcecode.swift; path = WorkoutAnalysis.swift; sourceTree = "<group>"; };
		FA5D55322A3AB7C600135067 /* WorkoutSpot.app */ = {isa = PBXFileReference; explicitFileType = wrapper.application; includeInIndex = 0; path = WorkoutSpot.app; sourceTree = BUILT_PRODUCTS_DIR; };
		FA5D55352A3AB7C600135067 /* WorkoutSpotApp.swift */ = {isa = PBXFileReference; lastKnownFileType = sourcecode.swift; path = WorkoutSpotApp.swift; sourceTree = "<group>"; };
		FA5D55392A3AB7C700135067 /* Assets.xcassets */ = {isa = PBXFileReference; lastKnownFileType = folder.assetcatalog; path = Assets.xcassets; sourceTree = "<group>"; };
		FA5D55432A3AB8CF00135067 /* WorkoutSpot.entitlements */ = {isa = PBXFileReference; lastKnownFileType = text.plist.entitlements; path = WorkoutSpot.entitlements; sourceTree = "<group>"; };
		FA8614C52CA8AE55002877D7 /* WorkoutGraphPreview.swift */ = {isa = PBXFileReference; lastKnownFileType = sourcecode.swift; path = WorkoutGraphPreview.swift; sourceTree = "<group>"; };
		FA8614C72CA9D383002877D7 /* WorkoutExtremaStatsView.swift */ = {isa = PBXFileReference; lastKnownFileType = sourcecode.swift; path = WorkoutExtremaStatsView.swift; sourceTree = "<group>"; };
		FAA98F782A438D4800E369AA /* WorkoutMap.swift */ = {isa = PBXFileReference; lastKnownFileType = sourcecode.swift; path = WorkoutMap.swift; sourceTree = "<group>"; };
		FACFF2432A488A8300340E22 /* GraphDrawView.swift */ = {isa = PBXFileReference; lastKnownFileType = sourcecode.swift; path = GraphDrawView.swift; sourceTree = "<group>"; };
		FACFF2462A48E2A200340E22 /* GraphGuide.swift */ = {isa = PBXFileReference; lastKnownFileType = sourcecode.swift; path = GraphGuide.swift; sourceTree = "<group>"; };
		FACFF2482A4A149D00340E22 /* UIView+Constraints.swift */ = {isa = PBXFileReference; lastKnownFileType = sourcecode.swift; path = "UIView+Constraints.swift"; sourceTree = "<group>"; };
		FACFF24A2A4A170F00340E22 /* WorkoutGraphView.swift */ = {isa = PBXFileReference; lastKnownFileType = sourcecode.swift; path = WorkoutGraphView.swift; sourceTree = "<group>"; };
		FACFF24C2A4AAF8600340E22 /* KeyedWorkoutView.swift */ = {isa = PBXFileReference; lastKnownFileType = sourcecode.swift; path = KeyedWorkoutView.swift; sourceTree = "<group>"; };
		FACFF24E2A4AB2CF00340E22 /* UIColor+Semantic.swift */ = {isa = PBXFileReference; lastKnownFileType = sourcecode.swift; path = "UIColor+Semantic.swift"; sourceTree = "<group>"; };
		FACFF2502A4B108500340E22 /* TitleValueInlineView.swift */ = {isa = PBXFileReference; lastKnownFileType = sourcecode.swift; path = TitleValueInlineView.swift; sourceTree = "<group>"; };
		FACFF2522A4B10A000340E22 /* WorkoutPointStatsView.swift */ = {isa = PBXFileReference; lastKnownFileType = sourcecode.swift; path = WorkoutPointStatsView.swift; sourceTree = "<group>"; };
		FACFF2542A4B10F600340E22 /* WorkoutSegmentStatsView.swift */ = {isa = PBXFileReference; lastKnownFileType = sourcecode.swift; path = WorkoutSegmentStatsView.swift; sourceTree = "<group>"; };
/* End PBXFileReference section */

/* Begin PBXFrameworksBuildPhase section */
		FA5D552F2A3AB7C600135067 /* Frameworks */ = {
			isa = PBXFrameworksBuildPhase;
			buildActionMask = 2147483647;
			files = (
			);
			runOnlyForDeploymentPostprocessing = 0;
		};
/* End PBXFrameworksBuildPhase section */

/* Begin PBXGroup section */
		FA5D55292A3AB7C600135067 = {
			isa = PBXGroup;
			children = (
				FA5D55342A3AB7C600135067 /* WorkoutSpot */,
				FA5D55332A3AB7C600135067 /* Products */,
			);
			sourceTree = "<group>";
		};
		FA5D55332A3AB7C600135067 /* Products */ = {
			isa = PBXGroup;
			children = (
				FA5D55322A3AB7C600135067 /* WorkoutSpot.app */,
			);
			name = Products;
			sourceTree = "<group>";
		};
		FA5D55342A3AB7C600135067 /* WorkoutSpot */ = {
			isa = PBXGroup;
			children = (
				FA5D55352A3AB7C600135067 /* WorkoutSpotApp.swift */,
				FA1E7E4A2A3BBDDD007DC95D /* WorkoutList.swift */,
				FACFF24C2A4AAF8600340E22 /* KeyedWorkoutView.swift */,
				FACFF2502A4B108500340E22 /* TitleValueInlineView.swift */,
				FAA98F782A438D4800E369AA /* WorkoutMap.swift */,
				FA8614C92CA9DA3E002877D7 /* StatsViews */,
				FACFF2452A48E29500340E22 /* Graph */,
				FA1E7E462A3BB688007DC95D /* HealthStore.swift */,
				FA1E7E542A3E5316007DC95D /* WorkoutAnalysis.swift */,
				FA1E7E502A3D5AFB007DC95D /* ScalarSeries.swift */,
				FA1E7E522A3D8826007DC95D /* CoordinateSeries.swift */,
				FA1E7E482A3BB6A6007DC95D /* WorkoutObserver.swift */,
				FA1E7E442A3BB34E007DC95D /* HKWorkoutActivityType+String.swift */,
				FA1E7E4C2A3BC72E007DC95D /* RangeReplaceableCollection+Merge.swift */,
				FACFF2482A4A149D00340E22 /* UIView+Constraints.swift */,
				FACFF24E2A4AB2CF00340E22 /* UIColor+Semantic.swift */,
				FA5D55432A3AB8CF00135067 /* WorkoutSpot.entitlements */,
				FA5D55392A3AB7C700135067 /* Assets.xcassets */,
			);
			path = WorkoutSpot;
			sourceTree = "<group>";
		};
		FA8614C92CA9DA3E002877D7 /* StatsViews */ = {
			isa = PBXGroup;
			children = (
				FACFF2522A4B10A000340E22 /* WorkoutPointStatsView.swift */,
				FA8614C72CA9D383002877D7 /* WorkoutExtremaStatsView.swift */,
				FACFF2542A4B10F600340E22 /* WorkoutSegmentStatsView.swift */,
			);
			path = StatsViews;
			sourceTree = "<group>";
		};
		FACFF2452A48E29500340E22 /* Graph */ = {
			isa = PBXGroup;
			children = (
				FACFF2462A48E2A200340E22 /* GraphGuide.swift */,
				FACFF24A2A4A170F00340E22 /* WorkoutGraphView.swift */,
				FACFF2432A488A8300340E22 /* GraphDrawView.swift */,
				FA8614C52CA8AE55002877D7 /* WorkoutGraphPreview.swift */,
			);
			path = Graph;
			sourceTree = "<group>";
		};
/* End PBXGroup section */

/* Begin PBXNativeTarget section */
		FA5D55312A3AB7C600135067 /* WorkoutSpot */ = {
			isa = PBXNativeTarget;
			buildConfigurationList = FA5D55402A3AB7C700135067 /* Build configuration list for PBXNativeTarget "WorkoutSpot" */;
			buildPhases = (
				FA5D552E2A3AB7C600135067 /* Sources */,
				FA5D552F2A3AB7C600135067 /* Frameworks */,
				FA5D55302A3AB7C600135067 /* Resources */,
			);
			buildRules = (
			);
			dependencies = (
			);
			name = WorkoutSpot;
			productName = WorkoutSpot;
			productReference = FA5D55322A3AB7C600135067 /* WorkoutSpot.app */;
			productType = "com.apple.product-type.application";
		};
/* End PBXNativeTarget section */

/* Begin PBXProject section */
		FA5D552A2A3AB7C600135067 /* Project object */ = {
			isa = PBXProject;
			attributes = {
				BuildIndependentTargetsInParallel = 1;
				LastSwiftUpdateCheck = 1500;
				LastUpgradeCheck = 1500;
				ORGANIZATIONNAME = Leptos;
				TargetAttributes = {
					FA5D55312A3AB7C600135067 = {
						CreatedOnToolsVersion = 15.0;
					};
				};
			};
			buildConfigurationList = FA5D552D2A3AB7C600135067 /* Build configuration list for PBXProject "WorkoutSpot" */;
			compatibilityVersion = "Xcode 12.0";
			developmentRegion = en;
			hasScannedForEncodings = 0;
			knownRegions = (
				en,
				Base,
			);
			mainGroup = FA5D55292A3AB7C600135067;
			productRefGroup = FA5D55332A3AB7C600135067 /* Products */;
			projectDirPath = "";
			projectRoot = "";
			targets = (
				FA5D55312A3AB7C600135067 /* WorkoutSpot */,
			);
		};
/* End PBXProject section */

/* Begin PBXResourcesBuildPhase section */
		FA5D55302A3AB7C600135067 /* Resources */ = {
			isa = PBXResourcesBuildPhase;
			buildActionMask = 2147483647;
			files = (
				FA5D553A2A3AB7C700135067 /* Assets.xcassets in Resources */,
			);
			runOnlyForDeploymentPostprocessing = 0;
		};
/* End PBXResourcesBuildPhase section */

/* Begin PBXSourcesBuildPhase section */
		FA5D552E2A3AB7C600135067 /* Sources */ = {
			isa = PBXSourcesBuildPhase;
			buildActionMask = 2147483647;
			files = (
				FA1E7E492A3BB6A6007DC95D /* WorkoutObserver.swift in Sources */,
				FACFF24D2A4AAF8600340E22 /* KeyedWorkoutView.swift in Sources */,
				FA1E7E4D2A3BC72E007DC95D /* RangeReplaceableCollection+Merge.swift in Sources */,
				FA5D55362A3AB7C600135067 /* WorkoutSpotApp.swift in Sources */,
				FACFF24B2A4A170F00340E22 /* WorkoutGraphView.swift in Sources */,
				FACFF2532A4B10A000340E22 /* WorkoutPointStatsView.swift in Sources */,
				FA8614C82CA9D383002877D7 /* WorkoutExtremaStatsView.swift in Sources */,
				FACFF2492A4A149D00340E22 /* UIView+Constraints.swift in Sources */,
				FA1E7E4B2A3BBDDD007DC95D /* WorkoutList.swift in Sources */,
				FACFF2512A4B108500340E22 /* TitleValueInlineView.swift in Sources */,
				FAA98F792A438D4800E369AA /* WorkoutMap.swift in Sources */,
				FA1E7E532A3D8826007DC95D /* CoordinateSeries.swift in Sources */,
				FA8614C62CA8AE55002877D7 /* WorkoutGraphPreview.swift in Sources */,
				FA1E7E452A3BB34E007DC95D /* HKWorkoutActivityType+String.swift in Sources */,
				FACFF2552A4B10F600340E22 /* WorkoutSegmentStatsView.swift in Sources */,
				FACFF2472A48E2A200340E22 /* GraphGuide.swift in Sources */,
				FA1E7E472A3BB688007DC95D /* HealthStore.swift in Sources */,
				FA1E7E552A3E5316007DC95D /* WorkoutAnalysis.swift in Sources */,
				FACFF24F2A4AB2CF00340E22 /* UIColor+Semantic.swift in Sources */,
				FA1E7E512A3D5AFB007DC95D /* ScalarSeries.swift in Sources */,
				FACFF2442A488A8300340E22 /* GraphDrawView.swift in Sources */,
			);
			runOnlyForDeploymentPostprocessing = 0;
		};
/* End PBXSourcesBuildPhase section */

/* Begin XCBuildConfiguration section */
		FA5D553E2A3AB7C700135067 /* Debug */ = {
			isa = XCBuildConfiguration;
			buildSettings = {
				ALWAYS_SEARCH_USER_PATHS = NO;
				ASSETCATALOG_COMPILER_GENERATE_SWIFT_ASSET_SYMBOL_EXTENSIONS = YES;
				CLANG_ANALYZER_NONNULL = YES;
				CLANG_ANALYZER_NUMBER_OBJECT_CONVERSION = YES_AGGRESSIVE;
				CLANG_CXX_LANGUAGE_STANDARD = "gnu++20";
				CLANG_ENABLE_MODULES = YES;
				CLANG_ENABLE_OBJC_ARC = YES;
				CLANG_ENABLE_OBJC_WEAK = YES;
				CLANG_WARN_BLOCK_CAPTURE_AUTORELEASING = YES;
				CLANG_WARN_BOOL_CONVERSION = YES;
				CLANG_WARN_COMMA = YES;
				CLANG_WARN_CONSTANT_CONVERSION = YES;
				CLANG_WARN_DEPRECATED_OBJC_IMPLEMENTATIONS = YES;
				CLANG_WARN_DIRECT_OBJC_ISA_USAGE = YES_ERROR;
				CLANG_WARN_DOCUMENTATION_COMMENTS = YES;
				CLANG_WARN_EMPTY_BODY = YES;
				CLANG_WARN_ENUM_CONVERSION = YES;
				CLANG_WARN_INFINITE_RECURSION = YES;
				CLANG_WARN_INT_CONVERSION = YES;
				CLANG_WARN_NON_LITERAL_NULL_CONVERSION = YES;
				CLANG_WARN_OBJC_IMPLICIT_RETAIN_SELF = YES;
				CLANG_WARN_OBJC_LITERAL_CONVERSION = YES;
				CLANG_WARN_OBJC_ROOT_CLASS = YES_ERROR;
				CLANG_WARN_QUOTED_INCLUDE_IN_FRAMEWORK_HEADER = YES;
				CLANG_WARN_RANGE_LOOP_ANALYSIS = YES;
				CLANG_WARN_STRICT_PROTOTYPES = YES;
				CLANG_WARN_SUSPICIOUS_MOVE = YES;
				CLANG_WARN_UNGUARDED_AVAILABILITY = YES_AGGRESSIVE;
				CLANG_WARN_UNREACHABLE_CODE = YES;
				CLANG_WARN__DUPLICATE_METHOD_MATCH = YES;
				COPY_PHASE_STRIP = NO;
				CURRENT_PROJECT_VERSION = 1;
				DEBUG_INFORMATION_FORMAT = dwarf;
				ENABLE_STRICT_OBJC_MSGSEND = YES;
				ENABLE_TESTABILITY = YES;
				ENABLE_USER_SCRIPT_SANDBOXING = YES;
				GCC_C_LANGUAGE_STANDARD = gnu17;
				GCC_DYNAMIC_NO_PIC = NO;
				GCC_NO_COMMON_BLOCKS = YES;
				GCC_OPTIMIZATION_LEVEL = 0;
				GCC_PREPROCESSOR_DEFINITIONS = (
					"DEBUG=1",
					"$(inherited)",
				);
				GCC_WARN_64_TO_32_BIT_CONVERSION = YES;
				GCC_WARN_ABOUT_RETURN_TYPE = YES_ERROR;
				GCC_WARN_UNDECLARED_SELECTOR = YES;
				GCC_WARN_UNINITIALIZED_AUTOS = YES_AGGRESSIVE;
				GCC_WARN_UNUSED_FUNCTION = YES;
				GCC_WARN_UNUSED_VARIABLE = YES;
				IPHONEOS_DEPLOYMENT_TARGET = 17.0;
				LOCALIZATION_PREFERS_STRING_CATALOGS = YES;
				MARKETING_VERSION = 1.0;
				MTL_ENABLE_DEBUG_INFO = INCLUDE_SOURCE;
				MTL_FAST_MATH = YES;
				ONLY_ACTIVE_ARCH = YES;
				SDKROOT = iphoneos;
				SWIFT_ACTIVE_COMPILATION_CONDITIONS = "DEBUG $(inherited)";
				SWIFT_OPTIMIZATION_LEVEL = "-Onone";
			};
			name = Debug;
		};
		FA5D553F2A3AB7C700135067 /* Release */ = {
			isa = XCBuildConfiguration;
			buildSettings = {
				ALWAYS_SEARCH_USER_PATHS = NO;
				ASSETCATALOG_COMPILER_GENERATE_SWIFT_ASSET_SYMBOL_EXTENSIONS = YES;
				CLANG_ANALYZER_NONNULL = YES;
				CLANG_ANALYZER_NUMBER_OBJECT_CONVERSION = YES_AGGRESSIVE;
				CLANG_CXX_LANGUAGE_STANDARD = "gnu++20";
				CLANG_ENABLE_MODULES = YES;
				CLANG_ENABLE_OBJC_ARC = YES;
				CLANG_ENABLE_OBJC_WEAK = YES;
				CLANG_WARN_BLOCK_CAPTURE_AUTORELEASING = YES;
				CLANG_WARN_BOOL_CONVERSION = YES;
				CLANG_WARN_COMMA = YES;
				CLANG_WARN_CONSTANT_CONVERSION = YES;
				CLANG_WARN_DEPRECATED_OBJC_IMPLEMENTATIONS = YES;
				CLANG_WARN_DIRECT_OBJC_ISA_USAGE = YES_ERROR;
				CLANG_WARN_DOCUMENTATION_COMMENTS = YES;
				CLANG_WARN_EMPTY_BODY = YES;
				CLANG_WARN_ENUM_CONVERSION = YES;
				CLANG_WARN_INFINITE_RECURSION = YES;
				CLANG_WARN_INT_CONVERSION = YES;
				CLANG_WARN_NON_LITERAL_NULL_CONVERSION = YES;
				CLANG_WARN_OBJC_IMPLICIT_RETAIN_SELF = YES;
				CLANG_WARN_OBJC_LITERAL_CONVERSION = YES;
				CLANG_WARN_OBJC_ROOT_CLASS = YES_ERROR;
				CLANG_WARN_QUOTED_INCLUDE_IN_FRAMEWORK_HEADER = YES;
				CLANG_WARN_RANGE_LOOP_ANALYSIS = YES;
				CLANG_WARN_STRICT_PROTOTYPES = YES;
				CLANG_WARN_SUSPICIOUS_MOVE = YES;
				CLANG_WARN_UNGUARDED_AVAILABILITY = YES_AGGRESSIVE;
				CLANG_WARN_UNREACHABLE_CODE = YES;
				CLANG_WARN__DUPLICATE_METHOD_MATCH = YES;
				COPY_PHASE_STRIP = NO;
				CURRENT_PROJECT_VERSION = 1;
				DEBUG_INFORMATION_FORMAT = "dwarf-with-dsym";
				ENABLE_NS_ASSERTIONS = NO;
				ENABLE_STRICT_OBJC_MSGSEND = YES;
				ENABLE_USER_SCRIPT_SANDBOXING = YES;
				GCC_C_LANGUAGE_STANDARD = gnu17;
				GCC_NO_COMMON_BLOCKS = YES;
				GCC_WARN_64_TO_32_BIT_CONVERSION = YES;
				GCC_WARN_ABOUT_RETURN_TYPE = YES_ERROR;
				GCC_WARN_UNDECLARED_SELECTOR = YES;
				GCC_WARN_UNINITIALIZED_AUTOS = YES_AGGRESSIVE;
				GCC_WARN_UNUSED_FUNCTION = YES;
				GCC_WARN_UNUSED_VARIABLE = YES;
				IPHONEOS_DEPLOYMENT_TARGET = 17.0;
				LOCALIZATION_PREFERS_STRING_CATALOGS = YES;
				MARKETING_VERSION = 1.0;
				MTL_ENABLE_DEBUG_INFO = NO;
				MTL_FAST_MATH = YES;
				SDKROOT = iphoneos;
				SWIFT_COMPILATION_MODE = wholemodule;
				VALIDATE_PRODUCT = YES;
			};
			name = Release;
		};
		FA5D55412A3AB7C700135067 /* Debug */ = {
			isa = XCBuildConfiguration;
			buildSettings = {
				ASSETCATALOG_COMPILER_APPICON_NAME = AppIcon;
				ASSETCATALOG_COMPILER_GLOBAL_ACCENT_COLOR_NAME = AccentColor;
				CODE_SIGN_ENTITLEMENTS = WorkoutSpot/WorkoutSpot.entitlements;
				CODE_SIGN_STYLE = Automatic;
				DEVELOPMENT_TEAM = 7P56K8K4MY;
				ENABLE_PREVIEWS = YES;
				GENERATE_INFOPLIST_FILE = YES;
				INFOPLIST_KEY_LSApplicationCategoryType = "public.app-category.healthcare-fitness";
				INFOPLIST_KEY_NSHealthShareUsageDescription = "Read Health data";
				INFOPLIST_KEY_UIApplicationSceneManifest_Generation = YES;
				INFOPLIST_KEY_UIApplicationSupportsIndirectInputEvents = YES;
				INFOPLIST_KEY_UILaunchScreen_Generation = YES;
				INFOPLIST_KEY_UIRequiredDeviceCapabilities = healthkit;
				INFOPLIST_KEY_UISupportedInterfaceOrientations_iPad = "UIInterfaceOrientationPortrait UIInterfaceOrientationPortraitUpsideDown UIInterfaceOrientationLandscapeLeft UIInterfaceOrientationLandscapeRight";
				INFOPLIST_KEY_UISupportedInterfaceOrientations_iPhone = "UIInterfaceOrientationPortrait UIInterfaceOrientationLandscapeLeft UIInterfaceOrientationLandscapeRight";
				IPHONEOS_DEPLOYMENT_TARGET = 16.0;
				LD_RUNPATH_SEARCH_PATHS = (
					"$(inherited)",
					"@executable_path/Frameworks",
				);
				PRODUCT_BUNDLE_IDENTIFIER = null.leptos.WorkoutSpot;
				PRODUCT_NAME = "$(TARGET_NAME)";
				SUPPORTED_PLATFORMS = "iphoneos iphonesimulator";
				SUPPORTS_MACCATALYST = NO;
				SUPPORTS_MAC_DESIGNED_FOR_IPHONE_IPAD = NO;
				SWIFT_EMIT_LOC_STRINGS = YES;
				SWIFT_VERSION = 5.0;
				TARGETED_DEVICE_FAMILY = "1,2";
			};
			name = Debug;
		};
		FA5D55422A3AB7C700135067 /* Release */ = {
			isa = XCBuildConfiguration;
			buildSettings = {
				ASSETCATALOG_COMPILER_APPICON_NAME = AppIcon;
				ASSETCATALOG_COMPILER_GLOBAL_ACCENT_COLOR_NAME = AccentColor;
				CODE_SIGN_ENTITLEMENTS = WorkoutSpot/WorkoutSpot.entitlements;
				CODE_SIGN_STYLE = Automatic;
				DEVELOPMENT_TEAM = 7P56K8K4MY;
				ENABLE_PREVIEWS = YES;
				GENERATE_INFOPLIST_FILE = YES;
				INFOPLIST_KEY_LSApplicationCategoryType = "public.app-category.healthcare-fitness";
				INFOPLIST_KEY_NSHealthShareUsageDescription = "Read Health data";
				INFOPLIST_KEY_UIApplicationSceneManifest_Generation = YES;
				INFOPLIST_KEY_UIApplicationSupportsIndirectInputEvents = YES;
				INFOPLIST_KEY_UILaunchScreen_Generation = YES;
				INFOPLIST_KEY_UIRequiredDeviceCapabilities = healthkit;
				INFOPLIST_KEY_UISupportedInterfaceOrientations_iPad = "UIInterfaceOrientationPortrait UIInterfaceOrientationPortraitUpsideDown UIInterfaceOrientationLandscapeLeft UIInterfaceOrientationLandscapeRight";
				INFOPLIST_KEY_UISupportedInterfaceOrientations_iPhone = "UIInterfaceOrientationPortrait UIInterfaceOrientationLandscapeLeft UIInterfaceOrientationLandscapeRight";
				IPHONEOS_DEPLOYMENT_TARGET = 16.0;
				LD_RUNPATH_SEARCH_PATHS = (
					"$(inherited)",
					"@executable_path/Frameworks",
				);
				PRODUCT_BUNDLE_IDENTIFIER = null.leptos.WorkoutSpot;
				PRODUCT_NAME = "$(TARGET_NAME)";
				SUPPORTED_PLATFORMS = "iphoneos iphonesimulator";
				SUPPORTS_MACCATALYST = NO;
				SUPPORTS_MAC_DESIGNED_FOR_IPHONE_IPAD = NO;
				SWIFT_EMIT_LOC_STRINGS = YES;
				SWIFT_VERSION = 5.0;
				TARGETED_DEVICE_FAMILY = "1,2";
			};
			name = Release;
		};
/* End XCBuildConfiguration section */

/* Begin XCConfigurationList section */
		FA5D552D2A3AB7C600135067 /* Build configuration list for PBXProject "WorkoutSpot" */ = {
			isa = XCConfigurationList;
			buildConfigurations = (
				FA5D553E2A3AB7C700135067 /* Debug */,
				FA5D553F2A3AB7C700135067 /* Release */,
			);
			defaultConfigurationIsVisible = 0;
			defaultConfigurationName = Release;
		};
		FA5D55402A3AB7C700135067 /* Build configuration list for PBXNativeTarget "WorkoutSpot" */ = {
			isa = XCConfigurationList;
			buildConfigurations = (
				FA5D55412A3AB7C700135067 /* Debug */,
				FA5D55422A3AB7C700135067 /* Release */,
			);
			defaultConfigurationIsVisible = 0;
			defaultConfigurationName = Release;
		};
/* End XCConfigurationList section */
	};
	rootObject = FA5D552A2A3AB7C600135067 /* Project object */;
}
