// !$*UTF8*$!
{
	archiveVersion = 1;
	classes = {
	};
	objectVersion = 52;
	objects = {

/* Begin PBXBuildFile section */
		FA03991124D8ED6F001EB526 /* WSScreenshots.m in Sources */ = {isa = PBXBuildFile; fileRef = FA03991024D8ED6F001EB526 /* WSScreenshots.m */; };
		FA0AF85924957C5400E1E164 /* AppDelegate.m in Sources */ = {isa = PBXBuildFile; fileRef = FA0AF85824957C5400E1E164 /* AppDelegate.m */; };
		FA0AF85F24957C5400E1E164 /* ViewController.m in Sources */ = {isa = PBXBuildFile; fileRef = FA0AF85E24957C5400E1E164 /* ViewController.m */; };
		FA0AF86224957C5400E1E164 /* Main.storyboard in Resources */ = {isa = PBXBuildFile; fileRef = FA0AF86024957C5400E1E164 /* Main.storyboard */; };
		FA0AF86724957C5600E1E164 /* LaunchScreen.storyboard in Resources */ = {isa = PBXBuildFile; fileRef = FA0AF86524957C5600E1E164 /* LaunchScreen.storyboard */; };
		FA0AF86A24957C5600E1E164 /* main.m in Sources */ = {isa = PBXBuildFile; fileRef = FA0AF86924957C5600E1E164 /* main.m */; };
		FA0B27B324955F9900A3D994 /* Workout.storyboard in Resources */ = {isa = PBXBuildFile; fileRef = FA0B27B124955F9900A3D994 /* Workout.storyboard */; };
		FA27A335250D8EA900BB455B /* WSGraphConfiguration.m in Sources */ = {isa = PBXBuildFile; fileRef = FA27A334250D8EA900BB455B /* WSGraphConfiguration.m */; };
		FA46F27C24CF979D00D9C7F6 /* WSSegmentStatsView.m in Sources */ = {isa = PBXBuildFile; fileRef = FA46F27B24CF979D00D9C7F6 /* WSSegmentStatsView.m */; };
		FA46F27F24CF97BC00D9C7F6 /* WSPointStatsView.m in Sources */ = {isa = PBXBuildFile; fileRef = FA46F27E24CF97BC00D9C7F6 /* WSPointStatsView.m */; };
		FA64BD9724EB05DD008F077D /* WSExtremaStatsView.m in Sources */ = {isa = PBXBuildFile; fileRef = FA64BD9624EB05DD008F077D /* WSExtremaStatsView.m */; };
		FA65E60F2486E54C00ABFEFA /* WSViewController.m in Sources */ = {isa = PBXBuildFile; fileRef = FA65E60E2486E54C00ABFEFA /* WSViewController.m */; };
		FA65E613248732FC00ABFEFA /* WSFormatterUtils.m in Sources */ = {isa = PBXBuildFile; fileRef = FA65E612248732FC00ABFEFA /* WSFormatterUtils.m */; };
		FA65E61724875D5500ABFEFA /* WSWorkoutViewCell.m in Sources */ = {isa = PBXBuildFile; fileRef = FA65E61624875D5500ABFEFA /* WSWorkoutViewCell.m */; };
		FA65E61B2488262800ABFEFA /* WSWorkoutAnalysis.m in Sources */ = {isa = PBXBuildFile; fileRef = FA65E61A2488262800ABFEFA /* WSWorkoutAnalysis.m */; };
		FA65E61E248859B400ABFEFA /* WSGraphView.m in Sources */ = {isa = PBXBuildFile; fileRef = FA65E61D248859B400ABFEFA /* WSGraphView.m */; };
		FA65E62D248AD4A300ABFEFA /* UIColor+WSColors.m in Sources */ = {isa = PBXBuildFile; fileRef = FA65E62C248AD4A300ABFEFA /* UIColor+WSColors.m */; };
		FA65E633248BDF3700ABFEFA /* WSGraphGuide.m in Sources */ = {isa = PBXBuildFile; fileRef = FA65E632248BDF3700ABFEFA /* WSGraphGuide.m */; };
		FA65E63D2492E4BD00ABFEFA /* WSPointStatistics.m in Sources */ = {isa = PBXBuildFile; fileRef = FA65E63C2492E4BD00ABFEFA /* WSPointStatistics.m */; };
		FA65E6402492E52700ABFEFA /* WSSegmentStatistics.m in Sources */ = {isa = PBXBuildFile; fileRef = FA65E63F2492E52700ABFEFA /* WSSegmentStatistics.m */; };
		FA8243C824B381E60024B460 /* WSPointCloud.m in Sources */ = {isa = PBXBuildFile; fileRef = FA8243C724B381E60024B460 /* WSPointCloud.m */; };
		FAAB3CA624E4B41B00B184C7 /* HKObjectType+WSTypes.m in Sources */ = {isa = PBXBuildFile; fileRef = FAAB3CA524E4B41B00B184C7 /* HKObjectType+WSTypes.m */; };
		FAAB3CA924E5DA3000B184C7 /* WSEmptyListView.m in Sources */ = {isa = PBXBuildFile; fileRef = FAAB3CA824E5DA3000B184C7 /* WSEmptyListView.m */; };
		FAAB3CAB24E5DA4200B184C7 /* EmptyList.xib in Resources */ = {isa = PBXBuildFile; fileRef = FAAB3CAA24E5DA4200B184C7 /* EmptyList.xib */; };
		FAABBED224EEE78100AF7A6C /* WSFloatingView.m in Sources */ = {isa = PBXBuildFile; fileRef = FAABBED124EEE78100AF7A6C /* WSFloatingView.m */; };
		FAD80E6E249C61D10088FC4C /* WSDataAnalysis.m in Sources */ = {isa = PBXBuildFile; fileRef = FAD80E6D249C61D10088FC4C /* WSDataAnalysis.m */; };
		FAD80E74249ECA840088FC4C /* WSAnalysisDomain.m in Sources */ = {isa = PBXBuildFile; fileRef = FAD80E73249ECA840088FC4C /* WSAnalysisDomain.m */; };
		FAD80E7A249F06EF0088FC4C /* WSCoordinateAnalysis.m in Sources */ = {isa = PBXBuildFile; fileRef = FAD80E79249F06EF0088FC4C /* WSCoordinateAnalysis.m */; };
		FADB7E5724CBF5C80005F921 /* UIBezierPath+WSCenteredCircle.m in Sources */ = {isa = PBXBuildFile; fileRef = FADB7E5624CBF5C80005F921 /* UIBezierPath+WSCenteredCircle.m */; };
		FAEABA062486B32E00481612 /* WSAppDelegate.m in Sources */ = {isa = PBXBuildFile; fileRef = FAEABA052486B32E00481612 /* WSAppDelegate.m */; };
		FAEABA092486B32E00481612 /* WSSceneDelegate.m in Sources */ = {isa = PBXBuildFile; fileRef = FAEABA082486B32E00481612 /* WSSceneDelegate.m */; };
		FAEABA0C2486B32E00481612 /* WSTableViewController.m in Sources */ = {isa = PBXBuildFile; fileRef = FAEABA0B2486B32E00481612 /* WSTableViewController.m */; };
		FAEABA0F2486B32E00481612 /* Main.storyboard in Resources */ = {isa = PBXBuildFile; fileRef = FAEABA0D2486B32E00481612 /* Main.storyboard */; };
		FAEABA112486B32E00481612 /* Assets.xcassets in Resources */ = {isa = PBXBuildFile; fileRef = FAEABA102486B32E00481612 /* Assets.xcassets */; };
		FAEABA142486B32E00481612 /* LaunchScreen.storyboard in Resources */ = {isa = PBXBuildFile; fileRef = FAEABA122486B32E00481612 /* LaunchScreen.storyboard */; };
		FAEABA172486B32E00481612 /* main.m in Sources */ = {isa = PBXBuildFile; fileRef = FAEABA162486B32E00481612 /* main.m */; };
		FAEABA202486B34F00481612 /* HealthKit.framework in Frameworks */ = {isa = PBXBuildFile; fileRef = FAEABA1F2486B34F00481612 /* HealthKit.framework */; };
		FAF838B024FC06DF000F2B18 /* IL2AP.archive in Resources */ = {isa = PBXBuildFile; fileRef = FAF838AE24FC06DF000F2B18 /* IL2AP.archive */; };
		FAF838B124FC06DF000F2B18 /* AP2IL.archive in Resources */ = {isa = PBXBuildFile; fileRef = FAF838AF24FC06DF000F2B18 /* AP2IL.archive */; };
		FAF838B424FC1FF1000F2B18 /* WSWorkoutData.m in Sources */ = {isa = PBXBuildFile; fileRef = FAF838B324FC1FF1000F2B18 /* WSWorkoutData.m */; };
		FAF838B724FC2066000F2B18 /* WSWorkoutFetch.m in Sources */ = {isa = PBXBuildFile; fileRef = FAF838B624FC2066000F2B18 /* WSWorkoutFetch.m */; };
/* End PBXBuildFile section */

/* Begin PBXContainerItemProxy section */
		FA03991324D8ED6F001EB526 /* PBXContainerItemProxy */ = {
			isa = PBXContainerItemProxy;
			containerPortal = FAEAB9F92486B32E00481612 /* Project object */;
			proxyType = 1;
			remoteGlobalIDString = FAEABA002486B32E00481612;
			remoteInfo = WorkoutSpot;
		};
/* End PBXContainerItemProxy section */

/* Begin PBXFileReference section */
		FA03990E24D8ED6F001EB526 /* WorkoutSpotUITests.xctest */ = {isa = PBXFileReference; explicitFileType = wrapper.cfbundle; includeInIndex = 0; path = WorkoutSpotUITests.xctest; sourceTree = BUILT_PRODUCTS_DIR; };
		FA03991024D8ED6F001EB526 /* WSScreenshots.m */ = {isa = PBXFileReference; lastKnownFileType = sourcecode.c.objc; path = WSScreenshots.m; sourceTree = "<group>"; };
		FA03991224D8ED6F001EB526 /* Info.plist */ = {isa = PBXFileReference; lastKnownFileType = text.plist.xml; path = Info.plist; sourceTree = "<group>"; };
		FA03991824DA1C0C001EB526 /* WorkoutSpot.xctestplan */ = {isa = PBXFileReference; lastKnownFileType = text; path = WorkoutSpot.xctestplan; sourceTree = "<group>"; };
		FA0AF85524957C5400E1E164 /* WSIcon.app */ = {isa = PBXFileReference; explicitFileType = wrapper.application; includeInIndex = 0; path = WSIcon.app; sourceTree = BUILT_PRODUCTS_DIR; };
		FA0AF85724957C5400E1E164 /* AppDelegate.h */ = {isa = PBXFileReference; lastKnownFileType = sourcecode.c.h; path = AppDelegate.h; sourceTree = "<group>"; };
		FA0AF85824957C5400E1E164 /* AppDelegate.m */ = {isa = PBXFileReference; lastKnownFileType = sourcecode.c.objc; path = AppDelegate.m; sourceTree = "<group>"; };
		FA0AF85D24957C5400E1E164 /* ViewController.h */ = {isa = PBXFileReference; lastKnownFileType = sourcecode.c.h; path = ViewController.h; sourceTree = "<group>"; };
		FA0AF85E24957C5400E1E164 /* ViewController.m */ = {isa = PBXFileReference; lastKnownFileType = sourcecode.c.objc; path = ViewController.m; sourceTree = "<group>"; };
		FA0AF86124957C5400E1E164 /* Base */ = {isa = PBXFileReference; lastKnownFileType = file.storyboard; name = Base; path = Base.lproj/Main.storyboard; sourceTree = "<group>"; };
		FA0AF86624957C5600E1E164 /* Base */ = {isa = PBXFileReference; lastKnownFileType = file.storyboard; name = Base; path = Base.lproj/LaunchScreen.storyboard; sourceTree = "<group>"; };
		FA0AF86824957C5600E1E164 /* Info.plist */ = {isa = PBXFileReference; lastKnownFileType = text.plist.xml; path = Info.plist; sourceTree = "<group>"; };
		FA0AF86924957C5600E1E164 /* main.m */ = {isa = PBXFileReference; lastKnownFileType = sourcecode.c.objc; path = main.m; sourceTree = "<group>"; };
		FA0B27B224955F9900A3D994 /* Base */ = {isa = PBXFileReference; lastKnownFileType = file.storyboard; name = Base; path = Base.lproj/Workout.storyboard; sourceTree = "<group>"; };
		FA27A333250D8EA900BB455B /* WSGraphConfiguration.h */ = {isa = PBXFileReference; lastKnownFileType = sourcecode.c.h; path = WSGraphConfiguration.h; sourceTree = "<group>"; };
		FA27A334250D8EA900BB455B /* WSGraphConfiguration.m */ = {isa = PBXFileReference; lastKnownFileType = sourcecode.c.objc; path = WSGraphConfiguration.m; sourceTree = "<group>"; };
		FA2CE7CB24B7F940004D6C4E /* NSRange+WSIndex.h */ = {isa = PBXFileReference; lastKnownFileType = sourcecode.c.h; path = "NSRange+WSIndex.h"; sourceTree = "<group>"; };
		FA46F27A24CF979D00D9C7F6 /* WSSegmentStatsView.h */ = {isa = PBXFileReference; lastKnownFileType = sourcecode.c.h; path = WSSegmentStatsView.h; sourceTree = "<group>"; };
		FA46F27B24CF979D00D9C7F6 /* WSSegmentStatsView.m */ = {isa = PBXFileReference; lastKnownFileType = sourcecode.c.objc; path = WSSegmentStatsView.m; sourceTree = "<group>"; };
		FA46F27D24CF97BC00D9C7F6 /* WSPointStatsView.h */ = {isa = PBXFileReference; lastKnownFileType = sourcecode.c.h; path = WSPointStatsView.h; sourceTree = "<group>"; };
		FA46F27E24CF97BC00D9C7F6 /* WSPointStatsView.m */ = {isa = PBXFileReference; lastKnownFileType = sourcecode.c.objc; path = WSPointStatsView.m; sourceTree = "<group>"; };
		FA64BD9524EB05DD008F077D /* WSExtremaStatsView.h */ = {isa = PBXFileReference; lastKnownFileType = sourcecode.c.h; path = WSExtremaStatsView.h; sourceTree = "<group>"; };
		FA64BD9624EB05DD008F077D /* WSExtremaStatsView.m */ = {isa = PBXFileReference; lastKnownFileType = sourcecode.c.objc; path = WSExtremaStatsView.m; sourceTree = "<group>"; };
		FA65E60D2486E54C00ABFEFA /* WSViewController.h */ = {isa = PBXFileReference; lastKnownFileType = sourcecode.c.h; path = WSViewController.h; sourceTree = "<group>"; };
		FA65E60E2486E54C00ABFEFA /* WSViewController.m */ = {isa = PBXFileReference; lastKnownFileType = sourcecode.c.objc; path = WSViewController.m; sourceTree = "<group>"; };
		FA65E611248732FC00ABFEFA /* WSFormatterUtils.h */ = {isa = PBXFileReference; lastKnownFileType = sourcecode.c.h; path = WSFormatterUtils.h; sourceTree = "<group>"; };
		FA65E612248732FC00ABFEFA /* WSFormatterUtils.m */ = {isa = PBXFileReference; lastKnownFileType = sourcecode.c.objc; path = WSFormatterUtils.m; sourceTree = "<group>"; };
		FA65E61524875D5500ABFEFA /* WSWorkoutViewCell.h */ = {isa = PBXFileReference; lastKnownFileType = sourcecode.c.h; path = WSWorkoutViewCell.h; sourceTree = "<group>"; };
		FA65E61624875D5500ABFEFA /* WSWorkoutViewCell.m */ = {isa = PBXFileReference; lastKnownFileType = sourcecode.c.objc; path = WSWorkoutViewCell.m; sourceTree = "<group>"; };
		FA65E6192488262800ABFEFA /* WSWorkoutAnalysis.h */ = {isa = PBXFileReference; lastKnownFileType = sourcecode.c.h; path = WSWorkoutAnalysis.h; sourceTree = "<group>"; };
		FA65E61A2488262800ABFEFA /* WSWorkoutAnalysis.m */ = {isa = PBXFileReference; lastKnownFileType = sourcecode.c.objc; path = WSWorkoutAnalysis.m; sourceTree = "<group>"; };
		FA65E61C248859B400ABFEFA /* WSGraphView.h */ = {isa = PBXFileReference; lastKnownFileType = sourcecode.c.h; path = WSGraphView.h; sourceTree = "<group>"; };
		FA65E61D248859B400ABFEFA /* WSGraphView.m */ = {isa = PBXFileReference; lastKnownFileType = sourcecode.c.objc; path = WSGraphView.m; sourceTree = "<group>"; };
		FA65E62B248AD4A300ABFEFA /* UIColor+WSColors.h */ = {isa = PBXFileReference; lastKnownFileType = sourcecode.c.h; path = "UIColor+WSColors.h"; sourceTree = "<group>"; };
		FA65E62C248AD4A300ABFEFA /* UIColor+WSColors.m */ = {isa = PBXFileReference; lastKnownFileType = sourcecode.c.objc; path = "UIColor+WSColors.m"; sourceTree = "<group>"; };
		FA65E631248BDF3700ABFEFA /* WSGraphGuide.h */ = {isa = PBXFileReference; lastKnownFileType = sourcecode.c.h; path = WSGraphGuide.h; sourceTree = "<group>"; };
		FA65E632248BDF3700ABFEFA /* WSGraphGuide.m */ = {isa = PBXFileReference; lastKnownFileType = sourcecode.c.objc; path = WSGraphGuide.m; sourceTree = "<group>"; };
		FA65E63B2492E4BD00ABFEFA /* WSPointStatistics.h */ = {isa = PBXFileReference; lastKnownFileType = sourcecode.c.h; path = WSPointStatistics.h; sourceTree = "<group>"; };
		FA65E63C2492E4BD00ABFEFA /* WSPointStatistics.m */ = {isa = PBXFileReference; lastKnownFileType = sourcecode.c.objc; path = WSPointStatistics.m; sourceTree = "<group>"; };
		FA65E63E2492E52700ABFEFA /* WSSegmentStatistics.h */ = {isa = PBXFileReference; lastKnownFileType = sourcecode.c.h; path = WSSegmentStatistics.h; sourceTree = "<group>"; };
		FA65E63F2492E52700ABFEFA /* WSSegmentStatistics.m */ = {isa = PBXFileReference; lastKnownFileType = sourcecode.c.objc; path = WSSegmentStatistics.m; sourceTree = "<group>"; };
		FA8243C624B381E60024B460 /* WSPointCloud.h */ = {isa = PBXFileReference; lastKnownFileType = sourcecode.c.h; path = WSPointCloud.h; sourceTree = "<group>"; };
		FA8243C724B381E60024B460 /* WSPointCloud.m */ = {isa = PBXFileReference; lastKnownFileType = sourcecode.c.objc; path = WSPointCloud.m; sourceTree = "<group>"; };
		FAAB3CA424E4B41B00B184C7 /* HKObjectType+WSTypes.h */ = {isa = PBXFileReference; lastKnownFileType = sourcecode.c.h; path = "HKObjectType+WSTypes.h"; sourceTree = "<group>"; };
		FAAB3CA524E4B41B00B184C7 /* HKObjectType+WSTypes.m */ = {isa = PBXFileReference; lastKnownFileType = sourcecode.c.objc; path = "HKObjectType+WSTypes.m"; sourceTree = "<group>"; };
		FAAB3CA724E5DA3000B184C7 /* WSEmptyListView.h */ = {isa = PBXFileReference; lastKnownFileType = sourcecode.c.h; path = WSEmptyListView.h; sourceTree = "<group>"; };
		FAAB3CA824E5DA3000B184C7 /* WSEmptyListView.m */ = {isa = PBXFileReference; lastKnownFileType = sourcecode.c.objc; path = WSEmptyListView.m; sourceTree = "<group>"; };
		FAAB3CAA24E5DA4200B184C7 /* EmptyList.xib */ = {isa = PBXFileReference; lastKnownFileType = file.xib; path = EmptyList.xib; sourceTree = "<group>"; };
		FAABBED024EEE78100AF7A6C /* WSFloatingView.h */ = {isa = PBXFileReference; lastKnownFileType = sourcecode.c.h; path = WSFloatingView.h; sourceTree = "<group>"; };
		FAABBED124EEE78100AF7A6C /* WSFloatingView.m */ = {isa = PBXFileReference; lastKnownFileType = sourcecode.c.objc; path = WSFloatingView.m; sourceTree = "<group>"; };
		FAD80E6C249C61D10088FC4C /* WSDataAnalysis.h */ = {isa = PBXFileReference; lastKnownFileType = sourcecode.c.h; path = WSDataAnalysis.h; sourceTree = "<group>"; };
		FAD80E6D249C61D10088FC4C /* WSDataAnalysis.m */ = {isa = PBXFileReference; lastKnownFileType = sourcecode.c.objc; path = WSDataAnalysis.m; sourceTree = "<group>"; };
		FAD80E72249ECA840088FC4C /* WSAnalysisDomain.h */ = {isa = PBXFileReference; lastKnownFileType = sourcecode.c.h; path = WSAnalysisDomain.h; sourceTree = "<group>"; };
		FAD80E73249ECA840088FC4C /* WSAnalysisDomain.m */ = {isa = PBXFileReference; lastKnownFileType = sourcecode.c.objc; path = WSAnalysisDomain.m; sourceTree = "<group>"; };
		FAD80E78249F06EF0088FC4C /* WSCoordinateAnalysis.h */ = {isa = PBXFileReference; lastKnownFileType = sourcecode.c.h; path = WSCoordinateAnalysis.h; sourceTree = "<group>"; };
		FAD80E79249F06EF0088FC4C /* WSCoordinateAnalysis.m */ = {isa = PBXFileReference; lastKnownFileType = sourcecode.c.objc; path = WSCoordinateAnalysis.m; sourceTree = "<group>"; };
		FADB7E5524CBF5C80005F921 /* UIBezierPath+WSCenteredCircle.h */ = {isa = PBXFileReference; lastKnownFileType = sourcecode.c.h; path = "UIBezierPath+WSCenteredCircle.h"; sourceTree = "<group>"; };
		FADB7E5624CBF5C80005F921 /* UIBezierPath+WSCenteredCircle.m */ = {isa = PBXFileReference; lastKnownFileType = sourcecode.c.objc; path = "UIBezierPath+WSCenteredCircle.m"; sourceTree = "<group>"; };
		FAEABA012486B32E00481612 /* WorkoutSpot.app */ = {isa = PBXFileReference; explicitFileType = wrapper.application; includeInIndex = 0; path = WorkoutSpot.app; sourceTree = BUILT_PRODUCTS_DIR; };
		FAEABA042486B32E00481612 /* WSAppDelegate.h */ = {isa = PBXFileReference; lastKnownFileType = sourcecode.c.h; path = WSAppDelegate.h; sourceTree = "<group>"; };
		FAEABA052486B32E00481612 /* WSAppDelegate.m */ = {isa = PBXFileReference; lastKnownFileType = sourcecode.c.objc; path = WSAppDelegate.m; sourceTree = "<group>"; };
		FAEABA072486B32E00481612 /* WSSceneDelegate.h */ = {isa = PBXFileReference; lastKnownFileType = sourcecode.c.h; path = WSSceneDelegate.h; sourceTree = "<group>"; };
		FAEABA082486B32E00481612 /* WSSceneDelegate.m */ = {isa = PBXFileReference; lastKnownFileType = sourcecode.c.objc; path = WSSceneDelegate.m; sourceTree = "<group>"; };
		FAEABA0A2486B32E00481612 /* WSTableViewController.h */ = {isa = PBXFileReference; lastKnownFileType = sourcecode.c.h; path = WSTableViewController.h; sourceTree = "<group>"; };
		FAEABA0B2486B32E00481612 /* WSTableViewController.m */ = {isa = PBXFileReference; lastKnownFileType = sourcecode.c.objc; path = WSTableViewController.m; sourceTree = "<group>"; };
		FAEABA0E2486B32E00481612 /* Base */ = {isa = PBXFileReference; lastKnownFileType = file.storyboard; name = Base; path = Base.lproj/Main.storyboard; sourceTree = "<group>"; };
		FAEABA102486B32E00481612 /* Assets.xcassets */ = {isa = PBXFileReference; lastKnownFileType = folder.assetcatalog; path = Assets.xcassets; sourceTree = "<group>"; };
		FAEABA132486B32E00481612 /* Base */ = {isa = PBXFileReference; lastKnownFileType = file.storyboard; name = Base; path = Base.lproj/LaunchScreen.storyboard; sourceTree = "<group>"; };
		FAEABA152486B32E00481612 /* Info.plist */ = {isa = PBXFileReference; lastKnownFileType = text.plist.xml; path = Info.plist; sourceTree = "<group>"; };
		FAEABA162486B32E00481612 /* main.m */ = {isa = PBXFileReference; lastKnownFileType = sourcecode.c.objc; path = main.m; sourceTree = "<group>"; };
		FAEABA1D2486B34F00481612 /* WorkoutSpot.entitlements */ = {isa = PBXFileReference; lastKnownFileType = text.plist.entitlements; path = WorkoutSpot.entitlements; sourceTree = "<group>"; };
		FAEABA1F2486B34F00481612 /* HealthKit.framework */ = {isa = PBXFileReference; lastKnownFileType = wrapper.framework; name = HealthKit.framework; path = System/Library/Frameworks/HealthKit.framework; sourceTree = SDKROOT; };
		FAF838AE24FC06DF000F2B18 /* IL2AP.archive */ = {isa = PBXFileReference; lastKnownFileType = file.bplist; path = IL2AP.archive; sourceTree = "<group>"; };
		FAF838AF24FC06DF000F2B18 /* AP2IL.archive */ = {isa = PBXFileReference; lastKnownFileType = file.bplist; path = AP2IL.archive; sourceTree = "<group>"; };
		FAF838B224FC1FF1000F2B18 /* WSWorkoutData.h */ = {isa = PBXFileReference; lastKnownFileType = sourcecode.c.h; path = WSWorkoutData.h; sourceTree = "<group>"; };
		FAF838B324FC1FF1000F2B18 /* WSWorkoutData.m */ = {isa = PBXFileReference; lastKnownFileType = sourcecode.c.objc; path = WSWorkoutData.m; sourceTree = "<group>"; };
		FAF838B524FC2066000F2B18 /* WSWorkoutFetch.h */ = {isa = PBXFileReference; lastKnownFileType = sourcecode.c.h; path = WSWorkoutFetch.h; sourceTree = "<group>"; };
		FAF838B624FC2066000F2B18 /* WSWorkoutFetch.m */ = {isa = PBXFileReference; lastKnownFileType = sourcecode.c.objc; path = WSWorkoutFetch.m; sourceTree = "<group>"; };
/* End PBXFileReference section */

/* Begin PBXFrameworksBuildPhase section */
		FA03990B24D8ED6F001EB526 /* Frameworks */ = {
			isa = PBXFrameworksBuildPhase;
			buildActionMask = 2147483647;
			files = (
			);
			runOnlyForDeploymentPostprocessing = 0;
		};
		FA0AF85224957C5400E1E164 /* Frameworks */ = {
			isa = PBXFrameworksBuildPhase;
			buildActionMask = 2147483647;
			files = (
			);
			runOnlyForDeploymentPostprocessing = 0;
		};
		FAEAB9FE2486B32E00481612 /* Frameworks */ = {
			isa = PBXFrameworksBuildPhase;
			buildActionMask = 2147483647;
			files = (
				FAEABA202486B34F00481612 /* HealthKit.framework in Frameworks */,
			);
			runOnlyForDeploymentPostprocessing = 0;
		};
/* End PBXFrameworksBuildPhase section */

/* Begin PBXGroup section */
		FA03990F24D8ED6F001EB526 /* WorkoutSpotUITests */ = {
			isa = PBXGroup;
			children = (
				FA03991824DA1C0C001EB526 /* WorkoutSpot.xctestplan */,
				FA03991024D8ED6F001EB526 /* WSScreenshots.m */,
				FA03991224D8ED6F001EB526 /* Info.plist */,
			);
			path = WorkoutSpotUITests;
			sourceTree = "<group>";
		};
		FA0AF85624957C5400E1E164 /* WSIcon */ = {
			isa = PBXGroup;
			children = (
				FA0AF86F2495909D00E1E164 /* AppDelegate */,
				FA0AF870249590BB00E1E164 /* ViewControllers */,
				FA0AF86024957C5400E1E164 /* Main.storyboard */,
				FA0AF86524957C5600E1E164 /* LaunchScreen.storyboard */,
				FA0AF86824957C5600E1E164 /* Info.plist */,
				FA0AF86924957C5600E1E164 /* main.m */,
			);
			path = WSIcon;
			sourceTree = "<group>";
		};
		FA0AF86F2495909D00E1E164 /* AppDelegate */ = {
			isa = PBXGroup;
			children = (
				FA0AF85724957C5400E1E164 /* AppDelegate.h */,
				FA0AF85824957C5400E1E164 /* AppDelegate.m */,
			);
			path = AppDelegate;
			sourceTree = "<group>";
		};
		FA0AF870249590BB00E1E164 /* ViewControllers */ = {
			isa = PBXGroup;
			children = (
				FA0AF85D24957C5400E1E164 /* ViewController.h */,
				FA0AF85E24957C5400E1E164 /* ViewController.m */,
			);
			path = ViewControllers;
			sourceTree = "<group>";
		};
		FA33D60624EB65B200BE82AF /* StatsViews */ = {
			isa = PBXGroup;
			children = (
				FA46F27D24CF97BC00D9C7F6 /* WSPointStatsView.h */,
				FA46F27E24CF97BC00D9C7F6 /* WSPointStatsView.m */,
				FA46F27A24CF979D00D9C7F6 /* WSSegmentStatsView.h */,
				FA46F27B24CF979D00D9C7F6 /* WSSegmentStatsView.m */,
				FA64BD9524EB05DD008F077D /* WSExtremaStatsView.h */,
				FA64BD9624EB05DD008F077D /* WSExtremaStatsView.m */,
			);
			path = StatsViews;
			sourceTree = "<group>";
		};
		FA46F28F24D5F82900D9C7F6 /* DataProcessing */ = {
			isa = PBXGroup;
			children = (
				FAD80E6C249C61D10088FC4C /* WSDataAnalysis.h */,
				FAD80E6D249C61D10088FC4C /* WSDataAnalysis.m */,
				FAD80E78249F06EF0088FC4C /* WSCoordinateAnalysis.h */,
				FAD80E79249F06EF0088FC4C /* WSCoordinateAnalysis.m */,
				FA8243C624B381E60024B460 /* WSPointCloud.h */,
				FA8243C724B381E60024B460 /* WSPointCloud.m */,
			);
			path = DataProcessing;
			sourceTree = "<group>";
		};
		FA56B1BC2486B6A500C659FC /* ViewControllers */ = {
			isa = PBXGroup;
			children = (
				FAEABA0A2486B32E00481612 /* WSTableViewController.h */,
				FAEABA0B2486B32E00481612 /* WSTableViewController.m */,
				FA65E60D2486E54C00ABFEFA /* WSViewController.h */,
				FA65E60E2486E54C00ABFEFA /* WSViewController.m */,
			);
			path = ViewControllers;
			sourceTree = "<group>";
		};
		FA56B1BD2486C2CD00C659FC /* Resources */ = {
			isa = PBXGroup;
			children = (
				FAF838AF24FC06DF000F2B18 /* AP2IL.archive */,
				FAF838AE24FC06DF000F2B18 /* IL2AP.archive */,
				FAEABA102486B32E00481612 /* Assets.xcassets */,
				FAEABA1D2486B34F00481612 /* WorkoutSpot.entitlements */,
				FAEABA152486B32E00481612 /* Info.plist */,
				FAEABA162486B32E00481612 /* main.m */,
			);
			name = Resources;
			sourceTree = "<group>";
		};
		FA65E610248732AF00ABFEFA /* Services */ = {
			isa = PBXGroup;
			children = (
				FA65E611248732FC00ABFEFA /* WSFormatterUtils.h */,
				FA65E612248732FC00ABFEFA /* WSFormatterUtils.m */,
				FAF838B524FC2066000F2B18 /* WSWorkoutFetch.h */,
				FAF838B624FC2066000F2B18 /* WSWorkoutFetch.m */,
			);
			path = Services;
			sourceTree = "<group>";
		};
		FA65E61424875D3000ABFEFA /* Views */ = {
			isa = PBXGroup;
			children = (
				FAAB3CA724E5DA3000B184C7 /* WSEmptyListView.h */,
				FAAB3CA824E5DA3000B184C7 /* WSEmptyListView.m */,
				FAAB3CAA24E5DA4200B184C7 /* EmptyList.xib */,
				FA65E61524875D5500ABFEFA /* WSWorkoutViewCell.h */,
				FA65E61624875D5500ABFEFA /* WSWorkoutViewCell.m */,
				FA65E61C248859B400ABFEFA /* WSGraphView.h */,
				FA65E61D248859B400ABFEFA /* WSGraphView.m */,
				FAABBED024EEE78100AF7A6C /* WSFloatingView.h */,
				FAABBED124EEE78100AF7A6C /* WSFloatingView.m */,
				FA33D60624EB65B200BE82AF /* StatsViews */,
			);
			path = Views;
			sourceTree = "<group>";
		};
		FA65E618248825B700ABFEFA /* Models */ = {
			isa = PBXGroup;
			children = (
				FA2CE7CB24B7F940004D6C4E /* NSRange+WSIndex.h */,
				FA65E6192488262800ABFEFA /* WSWorkoutAnalysis.h */,
				FA65E61A2488262800ABFEFA /* WSWorkoutAnalysis.m */,
				FAF838B224FC1FF1000F2B18 /* WSWorkoutData.h */,
				FAF838B324FC1FF1000F2B18 /* WSWorkoutData.m */,
				FAD80E72249ECA840088FC4C /* WSAnalysisDomain.h */,
				FAD80E73249ECA840088FC4C /* WSAnalysisDomain.m */,
				FA46F28F24D5F82900D9C7F6 /* DataProcessing */,
				FA65E63B2492E4BD00ABFEFA /* WSPointStatistics.h */,
				FA65E63C2492E4BD00ABFEFA /* WSPointStatistics.m */,
				FA65E63E2492E52700ABFEFA /* WSSegmentStatistics.h */,
				FA65E63F2492E52700ABFEFA /* WSSegmentStatistics.m */,
				FA65E631248BDF3700ABFEFA /* WSGraphGuide.h */,
				FA65E632248BDF3700ABFEFA /* WSGraphGuide.m */,
				FA27A333250D8EA900BB455B /* WSGraphConfiguration.h */,
				FA27A334250D8EA900BB455B /* WSGraphConfiguration.m */,
				FAAB3CA424E4B41B00B184C7 /* HKObjectType+WSTypes.h */,
				FAAB3CA524E4B41B00B184C7 /* HKObjectType+WSTypes.m */,
				FA65E62B248AD4A300ABFEFA /* UIColor+WSColors.h */,
				FA65E62C248AD4A300ABFEFA /* UIColor+WSColors.m */,
				FADB7E5524CBF5C80005F921 /* UIBezierPath+WSCenteredCircle.h */,
				FADB7E5624CBF5C80005F921 /* UIBezierPath+WSCenteredCircle.m */,
			);
			path = Models;
			sourceTree = "<group>";
		};
		FAEAB9F82486B32E00481612 = {
			isa = PBXGroup;
			children = (
				FAEABA032486B32E00481612 /* WorkoutSpot */,
				FA0AF85624957C5400E1E164 /* WSIcon */,
				FA03990F24D8ED6F001EB526 /* WorkoutSpotUITests */,
				FAEABA022486B32E00481612 /* Products */,
				FAEABA1E2486B34F00481612 /* Frameworks */,
			);
			sourceTree = "<group>";
		};
		FAEABA022486B32E00481612 /* Products */ = {
			isa = PBXGroup;
			children = (
				FAEABA012486B32E00481612 /* WorkoutSpot.app */,
				FA0AF85524957C5400E1E164 /* WSIcon.app */,
				FA03990E24D8ED6F001EB526 /* WorkoutSpotUITests.xctest */,
			);
			name = Products;
			sourceTree = "<group>";
		};
		FAEABA032486B32E00481612 /* WorkoutSpot */ = {
			isa = PBXGroup;
			children = (
				FA65E610248732AF00ABFEFA /* Services */,
				FA65E618248825B700ABFEFA /* Models */,
				FAEABA212486B50900481612 /* AppDelegate */,
				FAEABA222486B51200481612 /* SceneDelegates */,
				FA56B1BC2486B6A500C659FC /* ViewControllers */,
				FA65E61424875D3000ABFEFA /* Views */,
				FAEABA0D2486B32E00481612 /* Main.storyboard */,
				FA0B27B124955F9900A3D994 /* Workout.storyboard */,
				FAEABA122486B32E00481612 /* LaunchScreen.storyboard */,
				FA56B1BD2486C2CD00C659FC /* Resources */,
			);
			path = WorkoutSpot;
			sourceTree = "<group>";
		};
		FAEABA1E2486B34F00481612 /* Frameworks */ = {
			isa = PBXGroup;
			children = (
				FAEABA1F2486B34F00481612 /* HealthKit.framework */,
			);
			name = Frameworks;
			sourceTree = "<group>";
		};
		FAEABA212486B50900481612 /* AppDelegate */ = {
			isa = PBXGroup;
			children = (
				FAEABA042486B32E00481612 /* WSAppDelegate.h */,
				FAEABA052486B32E00481612 /* WSAppDelegate.m */,
			);
			path = AppDelegate;
			sourceTree = "<group>";
		};
		FAEABA222486B51200481612 /* SceneDelegates */ = {
			isa = PBXGroup;
			children = (
				FAEABA072486B32E00481612 /* WSSceneDelegate.h */,
				FAEABA082486B32E00481612 /* WSSceneDelegate.m */,
			);
			path = SceneDelegates;
			sourceTree = "<group>";
		};
/* End PBXGroup section */

/* Begin PBXNativeTarget section */
		FA03990D24D8ED6F001EB526 /* WorkoutSpotUITests */ = {
			isa = PBXNativeTarget;
			buildConfigurationList = FA03991724D8ED6F001EB526 /* Build configuration list for PBXNativeTarget "WorkoutSpotUITests" */;
			buildPhases = (
				FA03990A24D8ED6F001EB526 /* Sources */,
				FA03990B24D8ED6F001EB526 /* Frameworks */,
				FA03990C24D8ED6F001EB526 /* Resources */,
			);
			buildRules = (
			);
			dependencies = (
				FA03991424D8ED6F001EB526 /* PBXTargetDependency */,
			);
			name = WorkoutSpotUITests;
			productName = WorkoutSpotUITests;
			productReference = FA03990E24D8ED6F001EB526 /* WorkoutSpotUITests.xctest */;
			productType = "com.apple.product-type.bundle.ui-testing";
		};
		FA0AF85424957C5400E1E164 /* WSIcon */ = {
			isa = PBXNativeTarget;
			buildConfigurationList = FA0AF86D24957C5600E1E164 /* Build configuration list for PBXNativeTarget "WSIcon" */;
			buildPhases = (
				FA0AF85124957C5400E1E164 /* Sources */,
				FA0AF85224957C5400E1E164 /* Frameworks */,
				FA0AF85324957C5400E1E164 /* Resources */,
			);
			buildRules = (
			);
			dependencies = (
			);
			name = WSIcon;
			productName = WSIcon;
			productReference = FA0AF85524957C5400E1E164 /* WSIcon.app */;
			productType = "com.apple.product-type.application";
		};
		FAEABA002486B32E00481612 /* WorkoutSpot */ = {
			isa = PBXNativeTarget;
			buildConfigurationList = FAEABA1A2486B32E00481612 /* Build configuration list for PBXNativeTarget "WorkoutSpot" */;
			buildPhases = (
				FAEAB9FD2486B32E00481612 /* Sources */,
				FAEAB9FE2486B32E00481612 /* Frameworks */,
				FAEAB9FF2486B32E00481612 /* Resources */,
			);
			buildRules = (
			);
			dependencies = (
			);
			name = WorkoutSpot;
			productName = WorkoutSpot;
			productReference = FAEABA012486B32E00481612 /* WorkoutSpot.app */;
			productType = "com.apple.product-type.application";
		};
/* End PBXNativeTarget section */

/* Begin PBXProject section */
		FAEAB9F92486B32E00481612 /* Project object */ = {
			isa = PBXProject;
			attributes = {
				CLASSPREFIX = WS;
				LastUpgradeCheck = 1230;
				ORGANIZATIONNAME = Leptos;
				TargetAttributes = {
					FA03990D24D8ED6F001EB526 = {
						CreatedOnToolsVersion = 12.0;
						TestTargetID = FAEABA002486B32E00481612;
					};
					FA0AF85424957C5400E1E164 = {
						CreatedOnToolsVersion = 11.5;
					};
					FAEABA002486B32E00481612 = {
						CreatedOnToolsVersion = 11.5;
					};
				};
			};
			buildConfigurationList = FAEAB9FC2486B32E00481612 /* Build configuration list for PBXProject "WorkoutSpot" */;
			compatibilityVersion = "Xcode 11.0";
			developmentRegion = en;
			hasScannedForEncodings = 0;
			knownRegions = (
				en,
				Base,
			);
			mainGroup = FAEAB9F82486B32E00481612;
			productRefGroup = FAEABA022486B32E00481612 /* Products */;
			projectDirPath = "";
			projectRoot = "";
			targets = (
				FAEABA002486B32E00481612 /* WorkoutSpot */,
				FA0AF85424957C5400E1E164 /* WSIcon */,
				FA03990D24D8ED6F001EB526 /* WorkoutSpotUITests */,
			);
		};
/* End PBXProject section */

/* Begin PBXResourcesBuildPhase section */
		FA03990C24D8ED6F001EB526 /* Resources */ = {
			isa = PBXResourcesBuildPhase;
			buildActionMask = 2147483647;
			files = (
			);
			runOnlyForDeploymentPostprocessing = 0;
		};
		FA0AF85324957C5400E1E164 /* Resources */ = {
			isa = PBXResourcesBuildPhase;
			buildActionMask = 2147483647;
			files = (
				FA0AF86724957C5600E1E164 /* LaunchScreen.storyboard in Resources */,
				FA0AF86224957C5400E1E164 /* Main.storyboard in Resources */,
			);
			runOnlyForDeploymentPostprocessing = 0;
		};
		FAEAB9FF2486B32E00481612 /* Resources */ = {
			isa = PBXResourcesBuildPhase;
			buildActionMask = 2147483647;
			files = (
				FAAB3CAB24E5DA4200B184C7 /* EmptyList.xib in Resources */,
				FAF838B024FC06DF000F2B18 /* IL2AP.archive in Resources */,
				FAF838B124FC06DF000F2B18 /* AP2IL.archive in Resources */,
				FA0B27B324955F9900A3D994 /* Workout.storyboard in Resources */,
				FAEABA142486B32E00481612 /* LaunchScreen.storyboard in Resources */,
				FAEABA112486B32E00481612 /* Assets.xcassets in Resources */,
				FAEABA0F2486B32E00481612 /* Main.storyboard in Resources */,
			);
			runOnlyForDeploymentPostprocessing = 0;
		};
/* End PBXResourcesBuildPhase section */

/* Begin PBXSourcesBuildPhase section */
		FA03990A24D8ED6F001EB526 /* Sources */ = {
			isa = PBXSourcesBuildPhase;
			buildActionMask = 2147483647;
			files = (
				FA03991124D8ED6F001EB526 /* WSScreenshots.m in Sources */,
			);
			runOnlyForDeploymentPostprocessing = 0;
		};
		FA0AF85124957C5400E1E164 /* Sources */ = {
			isa = PBXSourcesBuildPhase;
			buildActionMask = 2147483647;
			files = (
				FA0AF85F24957C5400E1E164 /* ViewController.m in Sources */,
				FA0AF85924957C5400E1E164 /* AppDelegate.m in Sources */,
				FA0AF86A24957C5600E1E164 /* main.m in Sources */,
			);
			runOnlyForDeploymentPostprocessing = 0;
		};
		FAEAB9FD2486B32E00481612 /* Sources */ = {
			isa = PBXSourcesBuildPhase;
			buildActionMask = 2147483647;
			files = (
				FAABBED224EEE78100AF7A6C /* WSFloatingView.m in Sources */,
				FA46F27C24CF979D00D9C7F6 /* WSSegmentStatsView.m in Sources */,
				FAAB3CA924E5DA3000B184C7 /* WSEmptyListView.m in Sources */,
				FAEABA0C2486B32E00481612 /* WSTableViewController.m in Sources */,
				FAD80E74249ECA840088FC4C /* WSAnalysisDomain.m in Sources */,
				FAF838B724FC2066000F2B18 /* WSWorkoutFetch.m in Sources */,
				FA65E613248732FC00ABFEFA /* WSFormatterUtils.m in Sources */,
				FADB7E5724CBF5C80005F921 /* UIBezierPath+WSCenteredCircle.m in Sources */,
				FAD80E7A249F06EF0088FC4C /* WSCoordinateAnalysis.m in Sources */,
				FAF838B424FC1FF1000F2B18 /* WSWorkoutData.m in Sources */,
				FA65E633248BDF3700ABFEFA /* WSGraphGuide.m in Sources */,
				FAEABA062486B32E00481612 /* WSAppDelegate.m in Sources */,
				FA64BD9724EB05DD008F077D /* WSExtremaStatsView.m in Sources */,
				FA65E62D248AD4A300ABFEFA /* UIColor+WSColors.m in Sources */,
				FAEABA172486B32E00481612 /* main.m in Sources */,
				FA65E61724875D5500ABFEFA /* WSWorkoutViewCell.m in Sources */,
				FA8243C824B381E60024B460 /* WSPointCloud.m in Sources */,
				FAAB3CA624E4B41B00B184C7 /* HKObjectType+WSTypes.m in Sources */,
				FA65E6402492E52700ABFEFA /* WSSegmentStatistics.m in Sources */,
				FAEABA092486B32E00481612 /* WSSceneDelegate.m in Sources */,
				FA65E60F2486E54C00ABFEFA /* WSViewController.m in Sources */,
				FA65E63D2492E4BD00ABFEFA /* WSPointStatistics.m in Sources */,
				FA27A335250D8EA900BB455B /* WSGraphConfiguration.m in Sources */,
				FAD80E6E249C61D10088FC4C /* WSDataAnalysis.m in Sources */,
				FA65E61E248859B400ABFEFA /* WSGraphView.m in Sources */,
				FA65E61B2488262800ABFEFA /* WSWorkoutAnalysis.m in Sources */,
				FA46F27F24CF97BC00D9C7F6 /* WSPointStatsView.m in Sources */,
			);
			runOnlyForDeploymentPostprocessing = 0;
		};
/* End PBXSourcesBuildPhase section */

/* Begin PBXTargetDependency section */
		FA03991424D8ED6F001EB526 /* PBXTargetDependency */ = {
			isa = PBXTargetDependency;
			target = FAEABA002486B32E00481612 /* WorkoutSpot */;
			targetProxy = FA03991324D8ED6F001EB526 /* PBXContainerItemProxy */;
		};
/* End PBXTargetDependency section */

/* Begin PBXVariantGroup section */
		FA0AF86024957C5400E1E164 /* Main.storyboard */ = {
			isa = PBXVariantGroup;
			children = (
				FA0AF86124957C5400E1E164 /* Base */,
			);
			name = Main.storyboard;
			sourceTree = "<group>";
		};
		FA0AF86524957C5600E1E164 /* LaunchScreen.storyboard */ = {
			isa = PBXVariantGroup;
			children = (
				FA0AF86624957C5600E1E164 /* Base */,
			);
			name = LaunchScreen.storyboard;
			sourceTree = "<group>";
		};
		FA0B27B124955F9900A3D994 /* Workout.storyboard */ = {
			isa = PBXVariantGroup;
			children = (
				FA0B27B224955F9900A3D994 /* Base */,
			);
			name = Workout.storyboard;
			sourceTree = "<group>";
		};
		FAEABA0D2486B32E00481612 /* Main.storyboard */ = {
			isa = PBXVariantGroup;
			children = (
				FAEABA0E2486B32E00481612 /* Base */,
			);
			name = Main.storyboard;
			sourceTree = "<group>";
		};
		FAEABA122486B32E00481612 /* LaunchScreen.storyboard */ = {
			isa = PBXVariantGroup;
			children = (
				FAEABA132486B32E00481612 /* Base */,
			);
			name = LaunchScreen.storyboard;
			sourceTree = "<group>";
		};
/* End PBXVariantGroup section */

/* Begin XCBuildConfiguration section */
		FA03991524D8ED6F001EB526 /* Debug */ = {
			isa = XCBuildConfiguration;
			buildSettings = {
				CODE_SIGN_STYLE = Automatic;
				DEVELOPMENT_TEAM = 7P56K8K4MY;
				INFOPLIST_FILE = WorkoutSpotUITests/Info.plist;
				LD_RUNPATH_SEARCH_PATHS = (
					"$(inherited)",
					"@executable_path/Frameworks",
					"@loader_path/Frameworks",
				);
				PRODUCT_BUNDLE_IDENTIFIER = null.leptos.WorkoutSpotUITests;
				PRODUCT_NAME = "$(TARGET_NAME)";
				TARGETED_DEVICE_FAMILY = "1,2";
				TEST_TARGET_NAME = WorkoutSpot;
			};
			name = Debug;
		};
		FA03991624D8ED6F001EB526 /* Release */ = {
			isa = XCBuildConfiguration;
			buildSettings = {
				CODE_SIGN_STYLE = Automatic;
				DEVELOPMENT_TEAM = 7P56K8K4MY;
				INFOPLIST_FILE = WorkoutSpotUITests/Info.plist;
				LD_RUNPATH_SEARCH_PATHS = (
					"$(inherited)",
					"@executable_path/Frameworks",
					"@loader_path/Frameworks",
				);
				PRODUCT_BUNDLE_IDENTIFIER = null.leptos.WorkoutSpotUITests;
				PRODUCT_NAME = "$(TARGET_NAME)";
				TARGETED_DEVICE_FAMILY = "1,2";
				TEST_TARGET_NAME = WorkoutSpot;
			};
			name = Release;
		};
		FA0AF86B24957C5600E1E164 /* Debug */ = {
			isa = XCBuildConfiguration;
			buildSettings = {
				"CODE_SIGN_IDENTITY[sdk=macosx*]" = "-";
				CODE_SIGN_STYLE = Automatic;
				DEVELOPMENT_TEAM = "";
				INFOPLIST_FILE = WSIcon/Info.plist;
				LD_RUNPATH_SEARCH_PATHS = (
					"$(inherited)",
					"@executable_path/Frameworks",
				);
				PRODUCT_BUNDLE_IDENTIFIER = null.leptos.WorkoutSpot.WSIcon;
				PRODUCT_NAME = "$(TARGET_NAME)";
				SUPPORTS_MACCATALYST = YES;
				SUPPORTS_MAC_DESIGNED_FOR_IPHONE_IPAD = NO;
				TARGETED_DEVICE_FAMILY = 6;
			};
			name = Debug;
		};
		FA0AF86C24957C5600E1E164 /* Release */ = {
			isa = XCBuildConfiguration;
			buildSettings = {
				"CODE_SIGN_IDENTITY[sdk=macosx*]" = "-";
				CODE_SIGN_STYLE = Automatic;
				DEVELOPMENT_TEAM = "";
				INFOPLIST_FILE = WSIcon/Info.plist;
				LD_RUNPATH_SEARCH_PATHS = (
					"$(inherited)",
					"@executable_path/Frameworks",
				);
				PRODUCT_BUNDLE_IDENTIFIER = null.leptos.WorkoutSpot.WSIcon;
				PRODUCT_NAME = "$(TARGET_NAME)";
				SUPPORTS_MACCATALYST = YES;
				SUPPORTS_MAC_DESIGNED_FOR_IPHONE_IPAD = NO;
				TARGETED_DEVICE_FAMILY = 6;
			};
			name = Release;
		};
		FAEABA182486B32E00481612 /* Debug */ = {
			isa = XCBuildConfiguration;
			buildSettings = {
				ALWAYS_SEARCH_USER_PATHS = NO;
				CLANG_ANALYZER_GCD_PERFORMANCE = YES;
				CLANG_ANALYZER_NONNULL = YES;
				CLANG_ANALYZER_NUMBER_OBJECT_CONVERSION = YES_AGGRESSIVE;
				CLANG_ANALYZER_SECURITY_INSECUREAPI_RAND = YES;
				CLANG_ANALYZER_SECURITY_INSECUREAPI_STRCPY = YES;
				CLANG_CXX_LANGUAGE_STANDARD = "gnu++14";
				CLANG_CXX_LIBRARY = "libc++";
				CLANG_ENABLE_MODULES = YES;
				CLANG_ENABLE_OBJC_ARC = YES;
				CLANG_ENABLE_OBJC_WEAK = YES;
				CLANG_WARN_BLOCK_CAPTURE_AUTORELEASING = YES;
				CLANG_WARN_BOOL_CONVERSION = YES;
				CLANG_WARN_CONSTANT_CONVERSION = YES;
				CLANG_WARN_CXX0X_EXTENSIONS = YES;
				CLANG_WARN_DEPRECATED_OBJC_IMPLEMENTATIONS = YES;
				CLANG_WARN_DOCUMENTATION_COMMENTS = YES;
				CLANG_WARN_EMPTY_BODY = YES;
				CLANG_WARN_ENUM_CONVERSION = YES;
				CLANG_WARN_FRAMEWORK_INCLUDE_PRIVATE_FROM_PUBLIC = YES;
				CLANG_WARN_INFINITE_RECURSION = YES;
				CLANG_WARN_INT_CONVERSION = YES;
				CLANG_WARN_NON_LITERAL_NULL_CONVERSION = YES;
				CLANG_WARN_OBJC_IMPLICIT_RETAIN_SELF = YES;
				CLANG_WARN_OBJC_INTERFACE_IVARS = YES;
				CLANG_WARN_OBJC_LITERAL_CONVERSION = YES;
				CLANG_WARN_QUOTED_INCLUDE_IN_FRAMEWORK_HEADER = YES;
				CLANG_WARN_RANGE_LOOP_ANALYSIS = YES;
				CLANG_WARN_SUSPICIOUS_MOVE = YES;
				CLANG_WARN_UNGUARDED_AVAILABILITY = YES_AGGRESSIVE;
				CLANG_WARN_UNREACHABLE_CODE = YES;
				CLANG_WARN__DUPLICATE_METHOD_MATCH = YES;
				COPY_PHASE_STRIP = NO;
				DEBUG_INFORMATION_FORMAT = dwarf;
				ENABLE_STRICT_OBJC_MSGSEND = YES;
				ENABLE_TESTABILITY = YES;
				GCC_C_LANGUAGE_STANDARD = gnu11;
				GCC_NO_COMMON_BLOCKS = YES;
				GCC_OPTIMIZATION_LEVEL = 0;
				GCC_PREPROCESSOR_DEFINITIONS = (
					"DEBUG=1",
					"$(inherited)",
				);
				GCC_WARN_64_TO_32_BIT_CONVERSION = YES;
				GCC_WARN_ABOUT_MISSING_FIELD_INITIALIZERS = YES;
				GCC_WARN_ABOUT_RETURN_TYPE = YES_ERROR;
				GCC_WARN_INITIALIZER_NOT_FULLY_BRACKETED = YES;
				GCC_WARN_SHADOW = YES;
				GCC_WARN_UNDECLARED_SELECTOR = YES;
				GCC_WARN_UNINITIALIZED_AUTOS = YES_AGGRESSIVE;
				GCC_WARN_UNKNOWN_PRAGMAS = YES;
				GCC_WARN_UNUSED_FUNCTION = YES;
				GCC_WARN_UNUSED_VARIABLE = YES;
				IPHONEOS_DEPLOYMENT_TARGET = 13.0;
				MTL_ENABLE_DEBUG_INFO = INCLUDE_SOURCE;
				MTL_FAST_MATH = YES;
				ONLY_ACTIVE_ARCH = YES;
				SDKROOT = iphoneos;
				VERSIONING_SYSTEM = "apple-generic";
			};
			name = Debug;
		};
		FAEABA192486B32E00481612 /* Release */ = {
			isa = XCBuildConfiguration;
			buildSettings = {
				ALWAYS_SEARCH_USER_PATHS = NO;
				CLANG_ANALYZER_GCD_PERFORMANCE = YES;
				CLANG_ANALYZER_NONNULL = YES;
				CLANG_ANALYZER_NUMBER_OBJECT_CONVERSION = YES_AGGRESSIVE;
				CLANG_ANALYZER_SECURITY_INSECUREAPI_RAND = YES;
				CLANG_ANALYZER_SECURITY_INSECUREAPI_STRCPY = YES;
				CLANG_CXX_LANGUAGE_STANDARD = "gnu++14";
				CLANG_CXX_LIBRARY = "libc++";
				CLANG_ENABLE_MODULES = YES;
				CLANG_ENABLE_OBJC_ARC = YES;
				CLANG_ENABLE_OBJC_WEAK = YES;
				CLANG_WARN_BLOCK_CAPTURE_AUTORELEASING = YES;
				CLANG_WARN_BOOL_CONVERSION = YES;
				CLANG_WARN_CONSTANT_CONVERSION = YES;
				CLANG_WARN_CXX0X_EXTENSIONS = YES;
				CLANG_WARN_DEPRECATED_OBJC_IMPLEMENTATIONS = YES;
				CLANG_WARN_DOCUMENTATION_COMMENTS = YES;
				CLANG_WARN_EMPTY_BODY = YES;
				CLANG_WARN_ENUM_CONVERSION = YES;
				CLANG_WARN_FRAMEWORK_INCLUDE_PRIVATE_FROM_PUBLIC = YES;
				CLANG_WARN_INFINITE_RECURSION = YES;
				CLANG_WARN_INT_CONVERSION = YES;
				CLANG_WARN_NON_LITERAL_NULL_CONVERSION = YES;
				CLANG_WARN_OBJC_IMPLICIT_RETAIN_SELF = YES;
				CLANG_WARN_OBJC_INTERFACE_IVARS = YES;
				CLANG_WARN_OBJC_LITERAL_CONVERSION = YES;
				CLANG_WARN_QUOTED_INCLUDE_IN_FRAMEWORK_HEADER = YES;
				CLANG_WARN_RANGE_LOOP_ANALYSIS = YES;
				CLANG_WARN_SUSPICIOUS_MOVE = YES;
				CLANG_WARN_UNGUARDED_AVAILABILITY = YES_AGGRESSIVE;
				CLANG_WARN_UNREACHABLE_CODE = YES;
				CLANG_WARN__DUPLICATE_METHOD_MATCH = YES;
				COPY_PHASE_STRIP = NO;
				DEBUG_INFORMATION_FORMAT = "dwarf-with-dsym";
				ENABLE_NS_ASSERTIONS = NO;
				ENABLE_STRICT_OBJC_MSGSEND = YES;
				GCC_C_LANGUAGE_STANDARD = gnu11;
				GCC_NO_COMMON_BLOCKS = YES;
				GCC_WARN_64_TO_32_BIT_CONVERSION = YES;
				GCC_WARN_ABOUT_MISSING_FIELD_INITIALIZERS = YES;
				GCC_WARN_ABOUT_RETURN_TYPE = YES_ERROR;
				GCC_WARN_INITIALIZER_NOT_FULLY_BRACKETED = YES;
				GCC_WARN_SHADOW = YES;
				GCC_WARN_UNDECLARED_SELECTOR = YES;
				GCC_WARN_UNINITIALIZED_AUTOS = YES_AGGRESSIVE;
				GCC_WARN_UNKNOWN_PRAGMAS = YES;
				GCC_WARN_UNUSED_FUNCTION = YES;
				GCC_WARN_UNUSED_VARIABLE = YES;
				IPHONEOS_DEPLOYMENT_TARGET = 13.0;
				LLVM_LTO = YES_THIN;
				MTL_ENABLE_DEBUG_INFO = NO;
				MTL_FAST_MATH = YES;
				SDKROOT = iphoneos;
				VALIDATE_PRODUCT = YES;
				VERSIONING_SYSTEM = "apple-generic";
			};
			name = Release;
		};
		FAEABA1B2486B32E00481612 /* Debug */ = {
			isa = XCBuildConfiguration;
			buildSettings = {
				ASSETCATALOG_COMPILER_APPICON_NAME = AppIcon;
				CODE_SIGN_ENTITLEMENTS = WorkoutSpot/WorkoutSpot.entitlements;
				CODE_SIGN_STYLE = Automatic;
				CURRENT_PROJECT_VERSION = 4;
				DEVELOPMENT_TEAM = 7P56K8K4MY;
				INFOPLIST_FILE = WorkoutSpot/Info.plist;
				LD_RUNPATH_SEARCH_PATHS = (
					"$(inherited)",
					"@executable_path/Frameworks",
				);
				MARKETING_VERSION = 1.1;
				PRODUCT_BUNDLE_IDENTIFIER = null.leptos.WorkoutSpot;
				PRODUCT_NAME = "$(TARGET_NAME)";
				TARGETED_DEVICE_FAMILY = 1;
			};
			name = Debug;
		};
		FAEABA1C2486B32E00481612 /* Release */ = {
			isa = XCBuildConfiguration;
			buildSettings = {
				ASSETCATALOG_COMPILER_APPICON_NAME = AppIcon;
				CODE_SIGN_ENTITLEMENTS = WorkoutSpot/WorkoutSpot.entitlements;
				CODE_SIGN_STYLE = Automatic;
				CURRENT_PROJECT_VERSION = 4;
				DEVELOPMENT_TEAM = 7P56K8K4MY;
				INFOPLIST_FILE = WorkoutSpot/Info.plist;
				LD_RUNPATH_SEARCH_PATHS = (
					"$(inherited)",
					"@executable_path/Frameworks",
				);
				MARKETING_VERSION = 1.1;
				PRODUCT_BUNDLE_IDENTIFIER = null.leptos.WorkoutSpot;
				PRODUCT_NAME = "$(TARGET_NAME)";
				TARGETED_DEVICE_FAMILY = 1;
			};
			name = Release;
		};
/* End XCBuildConfiguration section */

/* Begin XCConfigurationList section */
		FA03991724D8ED6F001EB526 /* Build configuration list for PBXNativeTarget "WorkoutSpotUITests" */ = {
			isa = XCConfigurationList;
			buildConfigurations = (
				FA03991524D8ED6F001EB526 /* Debug */,
				FA03991624D8ED6F001EB526 /* Release */,
			);
			defaultConfigurationIsVisible = 0;
			defaultConfigurationName = Release;
		};
		FA0AF86D24957C5600E1E164 /* Build configuration list for PBXNativeTarget "WSIcon" */ = {
			isa = XCConfigurationList;
			buildConfigurations = (
				FA0AF86B24957C5600E1E164 /* Debug */,
				FA0AF86C24957C5600E1E164 /* Release */,
			);
			defaultConfigurationIsVisible = 0;
			defaultConfigurationName = Release;
		};
		FAEAB9FC2486B32E00481612 /* Build configuration list for PBXProject "WorkoutSpot" */ = {
			isa = XCConfigurationList;
			buildConfigurations = (
				FAEABA182486B32E00481612 /* Debug */,
				FAEABA192486B32E00481612 /* Release */,
			);
			defaultConfigurationIsVisible = 0;
			defaultConfigurationName = Release;
		};
		FAEABA1A2486B32E00481612 /* Build configuration list for PBXNativeTarget "WorkoutSpot" */ = {
			isa = XCConfigurationList;
			buildConfigurations = (
				FAEABA1B2486B32E00481612 /* Debug */,
				FAEABA1C2486B32E00481612 /* Release */,
			);
			defaultConfigurationIsVisible = 0;
			defaultConfigurationName = Release;
		};
/* End XCConfigurationList section */
	};
	rootObject = FAEAB9F92486B32E00481612 /* Project object */;
}
